// !$*UTF8*$!
{
	archiveVersion = 1;
	classes = {
	};
	objectVersion = 46;
	objects = {

/* Begin PBXBuildFile section */
		FE576B271E0C99E5009D4C46 /* IPAPI.framework in Frameworks */ = {isa = PBXBuildFile; fileRef = FEE454011E0BE8DB00D8E707 /* IPAPI.framework */; };
		FE97617A1E8FBB57006F1F9D /* IPAPI.h in Headers */ = {isa = PBXBuildFile; fileRef = FE97616D1E8FBB52006F1F9D /* IPAPI.h */; settings = {ATTRIBUTES = (Public, ); }; };
		FE97617E1E8FBB60006F1F9D /* Service.swift in Sources */ = {isa = PBXBuildFile; fileRef = FE97616E1E8FBB52006F1F9D /* Service.swift */; };
		FE9761871E8FBBE3006F1F9D /* IPAPI_Tests.swift in Sources */ = {isa = PBXBuildFile; fileRef = FE9761781E8FBB52006F1F9D /* IPAPI_Tests.swift */; };
		FE97618D1E8FBBE9006F1F9D /* apple.json in Resources */ = {isa = PBXBuildFile; fileRef = FE9761711E8FBB52006F1F9D /* apple.json */; };
		FE97618E1E8FBBE9006F1F9D /* appleWithAllFields.json in Resources */ = {isa = PBXBuildFile; fileRef = FE9761721E8FBB52006F1F9D /* appleWithAllFields.json */; };
		FE97618F1E8FBBE9006F1F9D /* appleWithAllFieldsInSpanish.json in Resources */ = {isa = PBXBuildFile; fileRef = FE9761731E8FBB52006F1F9D /* appleWithAllFieldsInSpanish.json */; };
		FE9761901E8FBBE9006F1F9D /* batch.json in Resources */ = {isa = PBXBuildFile; fileRef = FE9761741E8FBB52006F1F9D /* batch.json */; };
		FE9761911E8FBBE9006F1F9D /* currentIp.json in Resources */ = {isa = PBXBuildFile; fileRef = FE9761751E8FBB52006F1F9D /* currentIp.json */; };
		FE9761921E8FBBE9006F1F9D /* failed.json in Resources */ = {isa = PBXBuildFile; fileRef = FE9761761E8FBB52006F1F9D /* failed.json */; };
		FE97619F1E8FBBF9006F1F9D /* Service.swift in Sources */ = {isa = PBXBuildFile; fileRef = FE97616E1E8FBB52006F1F9D /* Service.swift */; };
		FEDFDB431FA39F7A00607D1A /* IPAPI.framework in Frameworks */ = {isa = PBXBuildFile; fileRef = FEE454011E0BE8DB00D8E707 /* IPAPI.framework */; };
		FEDFDB491FA39F8700607D1A /* IPAPI_Tests.swift in Sources */ = {isa = PBXBuildFile; fileRef = FE9761781E8FBB52006F1F9D /* IPAPI_Tests.swift */; };
		FEDFDB501FA39FB700607D1A /* OHHTTPStubs.framework in Frameworks */ = {isa = PBXBuildFile; fileRef = FEDFDB2F1FA39F0E00607D1A /* OHHTTPStubs.framework */; };
		FEDFDB531FA3A0EA00607D1A /* OHHTTPStubs.framework in Frameworks */ = {isa = PBXBuildFile; fileRef = FEDFDB2B1FA39F0E00607D1A /* OHHTTPStubs.framework */; };
		FEDFDB541FA3A14C00607D1A /* Service.swift in Sources */ = {isa = PBXBuildFile; fileRef = FE97616E1E8FBB52006F1F9D /* Service.swift */; };
		FEDFDB551FA3A21500607D1A /* apple.json in Resources */ = {isa = PBXBuildFile; fileRef = FE9761711E8FBB52006F1F9D /* apple.json */; };
		FEDFDB561FA3A21500607D1A /* appleWithAllFields.json in Resources */ = {isa = PBXBuildFile; fileRef = FE9761721E8FBB52006F1F9D /* appleWithAllFields.json */; };
		FEDFDB571FA3A21500607D1A /* appleWithAllFieldsInSpanish.json in Resources */ = {isa = PBXBuildFile; fileRef = FE9761731E8FBB52006F1F9D /* appleWithAllFieldsInSpanish.json */; };
		FEDFDB581FA3A21500607D1A /* batch.json in Resources */ = {isa = PBXBuildFile; fileRef = FE9761741E8FBB52006F1F9D /* batch.json */; };
		FEDFDB591FA3A21500607D1A /* currentIp.json in Resources */ = {isa = PBXBuildFile; fileRef = FE9761751E8FBB52006F1F9D /* currentIp.json */; };
		FEDFDB5A1FA3A21500607D1A /* failed.json in Resources */ = {isa = PBXBuildFile; fileRef = FE9761761E8FBB52006F1F9D /* failed.json */; };
/* End PBXBuildFile section */

/* Begin PBXContainerItemProxy section */
		FE576B281E0C99E5009D4C46 /* PBXContainerItemProxy */ = {
			isa = PBXContainerItemProxy;
			containerPortal = FEE453F81E0BE8DB00D8E707 /* Project object */;
			proxyType = 1;
			remoteGlobalIDString = FEE454001E0BE8DB00D8E707;
			remoteInfo = "IPAPI iOS";
		};
		FEDFDB261FA39F0E00607D1A /* PBXContainerItemProxy */ = {
			isa = PBXContainerItemProxy;
			containerPortal = FEDFDB1B1FA39F0E00607D1A /* OHHTTPStubs.xcodeproj */;
			proxyType = 2;
			remoteGlobalIDString = 09110A4119805F4800D175E4;
			remoteInfo = "OHHTTPStubs iOS StaticLib";
		};
		FEDFDB281FA39F0E00607D1A /* PBXContainerItemProxy */ = {
			isa = PBXContainerItemProxy;
			containerPortal = FEDFDB1B1FA39F0E00607D1A /* OHHTTPStubs.xcodeproj */;
			proxyType = 2;
			remoteGlobalIDString = 09110A5119805F4800D175E4;
			remoteInfo = "OHHTTPStubs iOS Lib Tests";
		};
		FEDFDB2A1FA39F0E00607D1A /* PBXContainerItemProxy */ = {
			isa = PBXContainerItemProxy;
			containerPortal = FEDFDB1B1FA39F0E00607D1A /* OHHTTPStubs.xcodeproj */;
			proxyType = 2;
			remoteGlobalIDString = 725CD99B1A9EB65100F84C8B;
			remoteInfo = "OHHTTPStubs iOS Framework";
		};
		FEDFDB2C1FA39F0E00607D1A /* PBXContainerItemProxy */ = {
			isa = PBXContainerItemProxy;
			containerPortal = FEDFDB1B1FA39F0E00607D1A /* OHHTTPStubs.xcodeproj */;
			proxyType = 2;
			remoteGlobalIDString = 093442F91B80EC4A00A91535;
			remoteInfo = "OHHTTPStubs iOS Fmk Tests";
		};
		FEDFDB2E1FA39F0E00607D1A /* PBXContainerItemProxy */ = {
			isa = PBXContainerItemProxy;
			containerPortal = FEDFDB1B1FA39F0E00607D1A /* OHHTTPStubs.xcodeproj */;
			proxyType = 2;
			remoteGlobalIDString = 095981C219806A7900807DBE;
			remoteInfo = "OHHTTPStubs Mac Framework";
		};
		FEDFDB301FA39F0E00607D1A /* PBXContainerItemProxy */ = {
			isa = PBXContainerItemProxy;
			containerPortal = FEDFDB1B1FA39F0E00607D1A /* OHHTTPStubs.xcodeproj */;
			proxyType = 2;
			remoteGlobalIDString = 095981D219806A7900807DBE;
			remoteInfo = "OHHTTPStubs Mac Tests";
		};
		FEDFDB321FA39F0E00607D1A /* PBXContainerItemProxy */ = {
			isa = PBXContainerItemProxy;
			containerPortal = FEDFDB1B1FA39F0E00607D1A /* OHHTTPStubs.xcodeproj */;
			proxyType = 2;
			remoteGlobalIDString = EAA436A51BE1598D000E9E99;
			remoteInfo = "OHHTTPStubs tvOS Framework";
		};
		FEDFDB341FA39F0E00607D1A /* PBXContainerItemProxy */ = {
			isa = PBXContainerItemProxy;
			containerPortal = FEDFDB1B1FA39F0E00607D1A /* OHHTTPStubs.xcodeproj */;
			proxyType = 2;
			remoteGlobalIDString = EA100AB71BE15BE400129352;
			remoteInfo = "OHHTTPStubs tvOS Fmk Tests";
		};
		FEDFDB441FA39F7A00607D1A /* PBXContainerItemProxy */ = {
			isa = PBXContainerItemProxy;
			containerPortal = FEE453F81E0BE8DB00D8E707 /* Project object */;
			proxyType = 1;
			remoteGlobalIDString = FEE454001E0BE8DB00D8E707;
			remoteInfo = IPAPI;
		};
		FEDFDB4E1FA39FB400607D1A /* PBXContainerItemProxy */ = {
			isa = PBXContainerItemProxy;
			containerPortal = FEDFDB1B1FA39F0E00607D1A /* OHHTTPStubs.xcodeproj */;
			proxyType = 1;
			remoteGlobalIDString = 095981C119806A7900807DBE;
			remoteInfo = "OHHTTPStubs Mac Framework";
		};
		FEDFDB511FA3A0E400607D1A /* PBXContainerItemProxy */ = {
			isa = PBXContainerItemProxy;
			containerPortal = FEDFDB1B1FA39F0E00607D1A /* OHHTTPStubs.xcodeproj */;
			proxyType = 1;
			remoteGlobalIDString = 725CD99A1A9EB65100F84C8B;
			remoteInfo = "OHHTTPStubs iOS Framework";
		};
/* End PBXContainerItemProxy section */

/* Begin PBXFileReference section */
		FE576B221E0C99E5009D4C46 /* IPAPI Tests.xctest */ = {isa = PBXFileReference; explicitFileType = wrapper.cfbundle; includeInIndex = 0; path = "IPAPI Tests.xctest"; sourceTree = BUILT_PRODUCTS_DIR; };
		FE7C0C9B1E0CB16D00620172 /* LICENSE */ = {isa = PBXFileReference; lastKnownFileType = text; path = LICENSE; sourceTree = "<group>"; };
		FE7C0C9C1E0CB16D00620172 /* README.md */ = {isa = PBXFileReference; lastKnownFileType = net.daringfireball.markdown; path = README.md; sourceTree = "<group>"; };
		FE8BFBE5214BB255005205DB /* .travis.yml */ = {isa = PBXFileReference; lastKnownFileType = text; path = .travis.yml; sourceTree = "<group>"; };
		FE8BFBE6214BB25B005205DB /* .swift-version */ = {isa = PBXFileReference; lastKnownFileType = text; path = ".swift-version"; sourceTree = "<group>"; };
		FE97616C1E8FBB52006F1F9D /* Info.plist */ = {isa = PBXFileReference; lastKnownFileType = text.plist.xml; path = Info.plist; sourceTree = "<group>"; };
		FE97616D1E8FBB52006F1F9D /* IPAPI.h */ = {isa = PBXFileReference; lastKnownFileType = sourcecode.c.h; path = IPAPI.h; sourceTree = "<group>"; };
		FE97616E1E8FBB52006F1F9D /* Service.swift */ = {isa = PBXFileReference; lastKnownFileType = sourcecode.swift; path = Service.swift; sourceTree = "<group>"; };
		FE9761711E8FBB52006F1F9D /* apple.json */ = {isa = PBXFileReference; lastKnownFileType = text.json; path = apple.json; sourceTree = "<group>"; };
		FE9761721E8FBB52006F1F9D /* appleWithAllFields.json */ = {isa = PBXFileReference; lastKnownFileType = text.json; path = appleWithAllFields.json; sourceTree = "<group>"; };
		FE9761731E8FBB52006F1F9D /* appleWithAllFieldsInSpanish.json */ = {isa = PBXFileReference; lastKnownFileType = text.json; path = appleWithAllFieldsInSpanish.json; sourceTree = "<group>"; };
		FE9761741E8FBB52006F1F9D /* batch.json */ = {isa = PBXFileReference; lastKnownFileType = text.json; path = batch.json; sourceTree = "<group>"; };
		FE9761751E8FBB52006F1F9D /* currentIp.json */ = {isa = PBXFileReference; lastKnownFileType = text.json; path = currentIp.json; sourceTree = "<group>"; };
		FE9761761E8FBB52006F1F9D /* failed.json */ = {isa = PBXFileReference; lastKnownFileType = text.json; path = failed.json; sourceTree = "<group>"; };
		FE9761771E8FBB52006F1F9D /* Info.plist */ = {isa = PBXFileReference; lastKnownFileType = text.plist.xml; path = Info.plist; sourceTree = "<group>"; };
		FE9761781E8FBB52006F1F9D /* IPAPI_Tests.swift */ = {isa = PBXFileReference; lastKnownFileType = sourcecode.swift; path = IPAPI_Tests.swift; sourceTree = "<group>"; };
		FE9761A21E8FBD45006F1F9D /* Package.swift */ = {isa = PBXFileReference; lastKnownFileType = sourcecode.swift; path = Package.swift; sourceTree = "<group>"; };
		FEDFDB1A1FA39DA800607D1A /* Tests-Bridging-Header.h */ = {isa = PBXFileReference; lastKnownFileType = sourcecode.c.h; path = "Tests-Bridging-Header.h"; sourceTree = "<group>"; };
		FEDFDB1B1FA39F0E00607D1A /* OHHTTPStubs.xcodeproj */ = {isa = PBXFileReference; lastKnownFileType = "wrapper.pb-project"; name = OHHTTPStubs.xcodeproj; path = Carthage/Checkouts/OHHTTPStubs/OHHTTPStubs/OHHTTPStubs.xcodeproj; sourceTree = SOURCE_ROOT; };
		FEDFDB3E1FA39F7A00607D1A /* IPAPI macOS Tests.xctest */ = {isa = PBXFileReference; explicitFileType = wrapper.cfbundle; includeInIndex = 0; path = "IPAPI macOS Tests.xctest"; sourceTree = BUILT_PRODUCTS_DIR; };
		FEE454011E0BE8DB00D8E707 /* IPAPI.framework */ = {isa = PBXFileReference; explicitFileType = wrapper.framework; includeInIndex = 0; path = IPAPI.framework; sourceTree = BUILT_PRODUCTS_DIR; };
		FEE4540C1E0BE96600D8E707 /* IPAPI.podspec */ = {isa = PBXFileReference; explicitFileType = text.script.ruby; path = IPAPI.podspec; sourceTree = "<group>"; };
/* End PBXFileReference section */

/* Begin PBXFrameworksBuildPhase section */
		FE576B1F1E0C99E5009D4C46 /* Frameworks */ = {
			isa = PBXFrameworksBuildPhase;
			buildActionMask = 2147483647;
			files = (
				FEDFDB531FA3A0EA00607D1A /* OHHTTPStubs.framework in Frameworks */,
				FE576B271E0C99E5009D4C46 /* IPAPI.framework in Frameworks */,
			);
			runOnlyForDeploymentPostprocessing = 0;
		};
		FEDFDB3B1FA39F7A00607D1A /* Frameworks */ = {
			isa = PBXFrameworksBuildPhase;
			buildActionMask = 2147483647;
			files = (
				FEDFDB501FA39FB700607D1A /* OHHTTPStubs.framework in Frameworks */,
				FEDFDB431FA39F7A00607D1A /* IPAPI.framework in Frameworks */,
			);
			runOnlyForDeploymentPostprocessing = 0;
		};
		FEE453FD1E0BE8DB00D8E707 /* Frameworks */ = {
			isa = PBXFrameworksBuildPhase;
			buildActionMask = 2147483647;
			files = (
			);
			runOnlyForDeploymentPostprocessing = 0;
		};
/* End PBXFrameworksBuildPhase section */

/* Begin PBXGroup section */
		FE97616B1E8FBB52006F1F9D /* Sources */ = {
			isa = PBXGroup;
			children = (
				FE97616C1E8FBB52006F1F9D /* Info.plist */,
				FE97616D1E8FBB52006F1F9D /* IPAPI.h */,
				FE97616E1E8FBB52006F1F9D /* Service.swift */,
			);
			path = Sources;
			sourceTree = "<group>";
		};
		FE97616F1E8FBB52006F1F9D /* Tests */ = {
			isa = PBXGroup;
			children = (
				FEDFDB1B1FA39F0E00607D1A /* OHHTTPStubs.xcodeproj */,
				FE9761701E8FBB52006F1F9D /* Fixtures */,
				FE9761771E8FBB52006F1F9D /* Info.plist */,
				FE9761781E8FBB52006F1F9D /* IPAPI_Tests.swift */,
				FEDFDB1A1FA39DA800607D1A /* Tests-Bridging-Header.h */,
			);
			path = Tests;
			sourceTree = "<group>";
		};
		FE9761701E8FBB52006F1F9D /* Fixtures */ = {
			isa = PBXGroup;
			children = (
				FE9761711E8FBB52006F1F9D /* apple.json */,
				FE9761721E8FBB52006F1F9D /* appleWithAllFields.json */,
				FE9761731E8FBB52006F1F9D /* appleWithAllFieldsInSpanish.json */,
				FE9761741E8FBB52006F1F9D /* batch.json */,
				FE9761751E8FBB52006F1F9D /* currentIp.json */,
				FE9761761E8FBB52006F1F9D /* failed.json */,
			);
			path = Fixtures;
			sourceTree = "<group>";
		};
		FEDFDB1C1FA39F0E00607D1A /* Products */ = {
			isa = PBXGroup;
			children = (
				FEDFDB271FA39F0E00607D1A /* libOHHTTPStubs.a */,
				FEDFDB291FA39F0E00607D1A /* OHHTTPStubs iOS Lib Tests.xctest */,
				FEDFDB2B1FA39F0E00607D1A /* OHHTTPStubs.framework */,
				FEDFDB2D1FA39F0E00607D1A /* OHHTTPStubs iOS Fmk Tests.xctest */,
				FEDFDB2F1FA39F0E00607D1A /* OHHTTPStubs.framework */,
				FEDFDB311FA39F0E00607D1A /* OHHTTPStubs Mac Tests.xctest */,
				FEDFDB331FA39F0E00607D1A /* OHHTTPStubs.framework */,
				FEDFDB351FA39F0E00607D1A /* OHHTTPStubs tvOS Fmk Tests.xctest */,
			);
			name = Products;
			sourceTree = "<group>";
		};
		FEDFDB381FA39F4300607D1A /* Frameworks */ = {
			isa = PBXGroup;
			children = (
			);
			name = Frameworks;
			sourceTree = "<group>";
		};
		FEE453F71E0BE8DB00D8E707 = {
			isa = PBXGroup;
			children = (
				FE8BFBE5214BB255005205DB /* .travis.yml */,
				FE8BFBE6214BB25B005205DB /* .swift-version */,
				FEE4540C1E0BE96600D8E707 /* IPAPI.podspec */,
				FE9761A21E8FBD45006F1F9D /* Package.swift */,
				FE7C0C9B1E0CB16D00620172 /* LICENSE */,
				FE7C0C9C1E0CB16D00620172 /* README.md */,
				FE97616B1E8FBB52006F1F9D /* Sources */,
				FE97616F1E8FBB52006F1F9D /* Tests */,
				FEE454021E0BE8DB00D8E707 /* Products */,
				FEDFDB381FA39F4300607D1A /* Frameworks */,
			);
			sourceTree = "<group>";
		};
		FEE454021E0BE8DB00D8E707 /* Products */ = {
			isa = PBXGroup;
			children = (
				FEE454011E0BE8DB00D8E707 /* IPAPI.framework */,
				FE576B221E0C99E5009D4C46 /* IPAPI Tests.xctest */,
				FEDFDB3E1FA39F7A00607D1A /* IPAPI macOS Tests.xctest */,
			);
			name = Products;
			sourceTree = "<group>";
		};
/* End PBXGroup section */

/* Begin PBXHeadersBuildPhase section */
		FEE453FE1E0BE8DB00D8E707 /* Headers */ = {
			isa = PBXHeadersBuildPhase;
			buildActionMask = 2147483647;
			files = (
				FE97617A1E8FBB57006F1F9D /* IPAPI.h in Headers */,
			);
			runOnlyForDeploymentPostprocessing = 0;
		};
/* End PBXHeadersBuildPhase section */

/* Begin PBXNativeTarget section */
		FE576B211E0C99E5009D4C46 /* IPAPI iOS Tests */ = {
			isa = PBXNativeTarget;
			buildConfigurationList = FE576B2A1E0C99E5009D4C46 /* Build configuration list for PBXNativeTarget "IPAPI iOS Tests" */;
			buildPhases = (
				FE576B1E1E0C99E5009D4C46 /* Sources */,
				FE576B1F1E0C99E5009D4C46 /* Frameworks */,
				FE576B201E0C99E5009D4C46 /* Resources */,
			);
			buildRules = (
			);
			dependencies = (
				FEDFDB521FA3A0E400607D1A /* PBXTargetDependency */,
				FE576B291E0C99E5009D4C46 /* PBXTargetDependency */,
			);
			name = "IPAPI iOS Tests";
			productName = "IPAPI iOS Tests";
			productReference = FE576B221E0C99E5009D4C46 /* IPAPI Tests.xctest */;
			productType = "com.apple.product-type.bundle.unit-test";
		};
		FEDFDB3D1FA39F7A00607D1A /* IPAPI macOS Tests */ = {
			isa = PBXNativeTarget;
			buildConfigurationList = FEDFDB461FA39F7A00607D1A /* Build configuration list for PBXNativeTarget "IPAPI macOS Tests" */;
			buildPhases = (
				FEDFDB3A1FA39F7A00607D1A /* Sources */,
				FEDFDB3B1FA39F7A00607D1A /* Frameworks */,
				FEDFDB3C1FA39F7A00607D1A /* Resources */,
			);
			buildRules = (
			);
			dependencies = (
				FEDFDB4F1FA39FB400607D1A /* PBXTargetDependency */,
				FEDFDB451FA39F7A00607D1A /* PBXTargetDependency */,
			);
			name = "IPAPI macOS Tests";
			productName = "IPAPI macOS Tests";
			productReference = FEDFDB3E1FA39F7A00607D1A /* IPAPI macOS Tests.xctest */;
			productType = "com.apple.product-type.bundle.unit-test";
		};
		FEE454001E0BE8DB00D8E707 /* IPAPI */ = {
			isa = PBXNativeTarget;
			buildConfigurationList = FEE454091E0BE8DB00D8E707 /* Build configuration list for PBXNativeTarget "IPAPI" */;
			buildPhases = (
				FEE453FC1E0BE8DB00D8E707 /* Sources */,
				FEE453FD1E0BE8DB00D8E707 /* Frameworks */,
				FEE453FE1E0BE8DB00D8E707 /* Headers */,
				FEE453FF1E0BE8DB00D8E707 /* Resources */,
			);
			buildRules = (
			);
			dependencies = (
			);
			name = IPAPI;
			productName = IPAPI;
			productReference = FEE454011E0BE8DB00D8E707 /* IPAPI.framework */;
			productType = "com.apple.product-type.framework";
		};
/* End PBXNativeTarget section */

/* Begin PBXProject section */
		FEE453F81E0BE8DB00D8E707 /* Project object */ = {
			isa = PBXProject;
			attributes = {
				LastSwiftUpdateCheck = 0900;
				LastUpgradeCheck = 1020;
				ORGANIZATIONNAME = "Artur Grigor";
				TargetAttributes = {
					FE576B211E0C99E5009D4C46 = {
						CreatedOnToolsVersion = 8.2.1;
						ProvisioningStyle = Automatic;
					};
					FEDFDB3D1FA39F7A00607D1A = {
						CreatedOnToolsVersion = 9.0.1;
						LastSwiftMigration = 1020;
						ProvisioningStyle = Automatic;
					};
					FEE454001E0BE8DB00D8E707 = {
						CreatedOnToolsVersion = 8.2.1;
						LastSwiftMigration = 1020;
						ProvisioningStyle = Automatic;
					};
				};
			};
			buildConfigurationList = FEE453FB1E0BE8DB00D8E707 /* Build configuration list for PBXProject "IPAPI" */;
			compatibilityVersion = "Xcode 3.2";
			developmentRegion = en;
			hasScannedForEncodings = 0;
			knownRegions = (
				en,
				Base,
			);
			mainGroup = FEE453F71E0BE8DB00D8E707;
			productRefGroup = FEE454021E0BE8DB00D8E707 /* Products */;
			projectDirPath = "";
			projectReferences = (
				{
					ProductGroup = FEDFDB1C1FA39F0E00607D1A /* Products */;
					ProjectRef = FEDFDB1B1FA39F0E00607D1A /* OHHTTPStubs.xcodeproj */;
				},
			);
			projectRoot = "";
			targets = (
				FEE454001E0BE8DB00D8E707 /* IPAPI */,
				FE576B211E0C99E5009D4C46 /* IPAPI iOS Tests */,
				FEDFDB3D1FA39F7A00607D1A /* IPAPI macOS Tests */,
			);
		};
/* End PBXProject section */

/* Begin PBXReferenceProxy section */
		FEDFDB271FA39F0E00607D1A /* libOHHTTPStubs.a */ = {
			isa = PBXReferenceProxy;
			fileType = archive.ar;
			path = libOHHTTPStubs.a;
			remoteRef = FEDFDB261FA39F0E00607D1A /* PBXContainerItemProxy */;
			sourceTree = BUILT_PRODUCTS_DIR;
		};
		FEDFDB291FA39F0E00607D1A /* OHHTTPStubs iOS Lib Tests.xctest */ = {
			isa = PBXReferenceProxy;
			fileType = wrapper.cfbundle;
			path = "OHHTTPStubs iOS Lib Tests.xctest";
			remoteRef = FEDFDB281FA39F0E00607D1A /* PBXContainerItemProxy */;
			sourceTree = BUILT_PRODUCTS_DIR;
		};
		FEDFDB2B1FA39F0E00607D1A /* OHHTTPStubs.framework */ = {
			isa = PBXReferenceProxy;
			fileType = wrapper.framework;
			path = OHHTTPStubs.framework;
			remoteRef = FEDFDB2A1FA39F0E00607D1A /* PBXContainerItemProxy */;
			sourceTree = BUILT_PRODUCTS_DIR;
		};
		FEDFDB2D1FA39F0E00607D1A /* OHHTTPStubs iOS Fmk Tests.xctest */ = {
			isa = PBXReferenceProxy;
			fileType = wrapper.cfbundle;
			path = "OHHTTPStubs iOS Fmk Tests.xctest";
			remoteRef = FEDFDB2C1FA39F0E00607D1A /* PBXContainerItemProxy */;
			sourceTree = BUILT_PRODUCTS_DIR;
		};
		FEDFDB2F1FA39F0E00607D1A /* OHHTTPStubs.framework */ = {
			isa = PBXReferenceProxy;
			fileType = wrapper.framework;
			path = OHHTTPStubs.framework;
			remoteRef = FEDFDB2E1FA39F0E00607D1A /* PBXContainerItemProxy */;
			sourceTree = BUILT_PRODUCTS_DIR;
		};
		FEDFDB311FA39F0E00607D1A /* OHHTTPStubs Mac Tests.xctest */ = {
			isa = PBXReferenceProxy;
			fileType = wrapper.cfbundle;
			path = "OHHTTPStubs Mac Tests.xctest";
			remoteRef = FEDFDB301FA39F0E00607D1A /* PBXContainerItemProxy */;
			sourceTree = BUILT_PRODUCTS_DIR;
		};
		FEDFDB331FA39F0E00607D1A /* OHHTTPStubs.framework */ = {
			isa = PBXReferenceProxy;
			fileType = wrapper.framework;
			path = OHHTTPStubs.framework;
			remoteRef = FEDFDB321FA39F0E00607D1A /* PBXContainerItemProxy */;
			sourceTree = BUILT_PRODUCTS_DIR;
		};
		FEDFDB351FA39F0E00607D1A /* OHHTTPStubs tvOS Fmk Tests.xctest */ = {
			isa = PBXReferenceProxy;
			fileType = wrapper.cfbundle;
			path = "OHHTTPStubs tvOS Fmk Tests.xctest";
			remoteRef = FEDFDB341FA39F0E00607D1A /* PBXContainerItemProxy */;
			sourceTree = BUILT_PRODUCTS_DIR;
		};
/* End PBXReferenceProxy section */

/* Begin PBXResourcesBuildPhase section */
		FE576B201E0C99E5009D4C46 /* Resources */ = {
			isa = PBXResourcesBuildPhase;
			buildActionMask = 2147483647;
			files = (
				FE9761901E8FBBE9006F1F9D /* batch.json in Resources */,
				FE97618D1E8FBBE9006F1F9D /* apple.json in Resources */,
				FE97618F1E8FBBE9006F1F9D /* appleWithAllFieldsInSpanish.json in Resources */,
				FE97618E1E8FBBE9006F1F9D /* appleWithAllFields.json in Resources */,
				FE9761921E8FBBE9006F1F9D /* failed.json in Resources */,
				FE9761911E8FBBE9006F1F9D /* currentIp.json in Resources */,
			);
			runOnlyForDeploymentPostprocessing = 0;
		};
		FEDFDB3C1FA39F7A00607D1A /* Resources */ = {
			isa = PBXResourcesBuildPhase;
			buildActionMask = 2147483647;
			files = (
				FEDFDB581FA3A21500607D1A /* batch.json in Resources */,
				FEDFDB551FA3A21500607D1A /* apple.json in Resources */,
				FEDFDB571FA3A21500607D1A /* appleWithAllFieldsInSpanish.json in Resources */,
				FEDFDB561FA3A21500607D1A /* appleWithAllFields.json in Resources */,
				FEDFDB5A1FA3A21500607D1A /* failed.json in Resources */,
				FEDFDB591FA3A21500607D1A /* currentIp.json in Resources */,
			);
			runOnlyForDeploymentPostprocessing = 0;
		};
		FEE453FF1E0BE8DB00D8E707 /* Resources */ = {
			isa = PBXResourcesBuildPhase;
			buildActionMask = 2147483647;
			files = (
			);
			runOnlyForDeploymentPostprocessing = 0;
		};
/* End PBXResourcesBuildPhase section */

/* Begin PBXSourcesBuildPhase section */
		FE576B1E1E0C99E5009D4C46 /* Sources */ = {
			isa = PBXSourcesBuildPhase;
			buildActionMask = 2147483647;
			files = (
				FE9761871E8FBBE3006F1F9D /* IPAPI_Tests.swift in Sources */,
				FE97619F1E8FBBF9006F1F9D /* Service.swift in Sources */,
			);
			runOnlyForDeploymentPostprocessing = 0;
		};
		FEDFDB3A1FA39F7A00607D1A /* Sources */ = {
			isa = PBXSourcesBuildPhase;
			buildActionMask = 2147483647;
			files = (
				FEDFDB491FA39F8700607D1A /* IPAPI_Tests.swift in Sources */,
				FEDFDB541FA3A14C00607D1A /* Service.swift in Sources */,
			);
			runOnlyForDeploymentPostprocessing = 0;
		};
		FEE453FC1E0BE8DB00D8E707 /* Sources */ = {
			isa = PBXSourcesBuildPhase;
			buildActionMask = 2147483647;
			files = (
				FE97617E1E8FBB60006F1F9D /* Service.swift in Sources */,
			);
			runOnlyForDeploymentPostprocessing = 0;
		};
/* End PBXSourcesBuildPhase section */

/* Begin PBXTargetDependency section */
		FE576B291E0C99E5009D4C46 /* PBXTargetDependency */ = {
			isa = PBXTargetDependency;
			target = FEE454001E0BE8DB00D8E707 /* IPAPI */;
			targetProxy = FE576B281E0C99E5009D4C46 /* PBXContainerItemProxy */;
		};
		FEDFDB451FA39F7A00607D1A /* PBXTargetDependency */ = {
			isa = PBXTargetDependency;
			target = FEE454001E0BE8DB00D8E707 /* IPAPI */;
			targetProxy = FEDFDB441FA39F7A00607D1A /* PBXContainerItemProxy */;
		};
		FEDFDB4F1FA39FB400607D1A /* PBXTargetDependency */ = {
			isa = PBXTargetDependency;
			name = "OHHTTPStubs Mac Framework";
			targetProxy = FEDFDB4E1FA39FB400607D1A /* PBXContainerItemProxy */;
		};
		FEDFDB521FA3A0E400607D1A /* PBXTargetDependency */ = {
			isa = PBXTargetDependency;
			name = "OHHTTPStubs iOS Framework";
			targetProxy = FEDFDB511FA3A0E400607D1A /* PBXContainerItemProxy */;
		};
/* End PBXTargetDependency section */

/* Begin XCBuildConfiguration section */
		FE576B2B1E0C99E5009D4C46 /* Debug */ = {
			isa = XCBuildConfiguration;
			buildSettings = {
				INFOPLIST_FILE = Tests/Info.plist;
				LD_RUNPATH_SEARCH_PATHS = "$(inherited) @executable_path/Frameworks @loader_path/Frameworks";
				PRODUCT_BUNDLE_IDENTIFIER = "me.arturgrigor.$(PRODUCT_NAME:rfc1034identifier)";
				PRODUCT_NAME = "IPAPI Tests";
				SWIFT_OBJC_BRIDGING_HEADER = "Tests/Tests-Bridging-Header.h";
			};
			name = Debug;
		};
		FE576B2C1E0C99E5009D4C46 /* Release */ = {
			isa = XCBuildConfiguration;
			buildSettings = {
				INFOPLIST_FILE = Tests/Info.plist;
				LD_RUNPATH_SEARCH_PATHS = "$(inherited) @executable_path/Frameworks @loader_path/Frameworks";
				PRODUCT_BUNDLE_IDENTIFIER = "me.arturgrigor.$(PRODUCT_NAME:rfc1034identifier)";
				PRODUCT_NAME = "IPAPI Tests";
				SWIFT_OBJC_BRIDGING_HEADER = "Tests/Tests-Bridging-Header.h";
			};
			name = Release;
		};
		FEDFDB471FA39F7A00607D1A /* Debug */ = {
			isa = XCBuildConfiguration;
			buildSettings = {
				CLANG_ANALYZER_NUMBER_OBJECT_CONVERSION = YES_AGGRESSIVE;
				CLANG_CXX_LANGUAGE_STANDARD = "gnu++14";
				CLANG_CXX_LIBRARY = "libc++";
				CLANG_WARN_UNGUARDED_AVAILABILITY = YES_AGGRESSIVE;
				CODE_SIGN_IDENTITY = "-";
				CODE_SIGN_STYLE = Automatic;
				COMBINE_HIDPI_IMAGES = YES;
				GCC_C_LANGUAGE_STANDARD = gnu11;
				INFOPLIST_FILE = Tests/Info.plist;
				LD_RUNPATH_SEARCH_PATHS = "$(inherited) @executable_path/../Frameworks @loader_path/../Frameworks";
				MACOSX_DEPLOYMENT_TARGET = 10.13;
				PRODUCT_BUNDLE_IDENTIFIER = "me.arturgrigor.IPAPI-macOS-Tests";
				PRODUCT_NAME = "$(TARGET_NAME)";
				SDKROOT = macosx;
			};
			name = Debug;
		};
		FEDFDB481FA39F7A00607D1A /* Release */ = {
			isa = XCBuildConfiguration;
			buildSettings = {
				CLANG_ANALYZER_NUMBER_OBJECT_CONVERSION = YES_AGGRESSIVE;
				CLANG_CXX_LANGUAGE_STANDARD = "gnu++14";
				CLANG_CXX_LIBRARY = "libc++";
				CLANG_WARN_UNGUARDED_AVAILABILITY = YES_AGGRESSIVE;
				CODE_SIGN_IDENTITY = "-";
				CODE_SIGN_STYLE = Automatic;
				COMBINE_HIDPI_IMAGES = YES;
				GCC_C_LANGUAGE_STANDARD = gnu11;
				INFOPLIST_FILE = Tests/Info.plist;
				LD_RUNPATH_SEARCH_PATHS = "$(inherited) @executable_path/../Frameworks @loader_path/../Frameworks";
				MACOSX_DEPLOYMENT_TARGET = 10.13;
				PRODUCT_BUNDLE_IDENTIFIER = "me.arturgrigor.IPAPI-macOS-Tests";
				PRODUCT_NAME = "$(TARGET_NAME)";
				SDKROOT = macosx;
			};
			name = Release;
		};
		FEE454071E0BE8DB00D8E707 /* Debug */ = {
			isa = XCBuildConfiguration;
			buildSettings = {
				ALWAYS_SEARCH_USER_PATHS = NO;
				CLANG_ANALYZER_LOCALIZABILITY_NONLOCALIZED = YES;
				CLANG_ANALYZER_NONNULL = YES;
				CLANG_ENABLE_MODULES = YES;
				CLANG_ENABLE_OBJC_ARC = YES;
				CLANG_WARN_BLOCK_CAPTURE_AUTORELEASING = YES;
				CLANG_WARN_BOOL_CONVERSION = YES;
				CLANG_WARN_COMMA = YES;
				CLANG_WARN_CONSTANT_CONVERSION = YES;
				CLANG_WARN_DEPRECATED_OBJC_IMPLEMENTATIONS = YES;
				CLANG_WARN_DIRECT_OBJC_ISA_USAGE = YES_ERROR;
				CLANG_WARN_DOCUMENTATION_COMMENTS = YES;
				CLANG_WARN_EMPTY_BODY = YES;
				CLANG_WARN_ENUM_CONVERSION = YES;
				CLANG_WARN_INFINITE_RECURSION = YES;
				CLANG_WARN_INT_CONVERSION = YES;
				CLANG_WARN_NON_LITERAL_NULL_CONVERSION = YES;
				CLANG_WARN_OBJC_IMPLICIT_RETAIN_SELF = YES;
				CLANG_WARN_OBJC_LITERAL_CONVERSION = YES;
				CLANG_WARN_OBJC_ROOT_CLASS = YES_ERROR;
				CLANG_WARN_RANGE_LOOP_ANALYSIS = YES;
				CLANG_WARN_STRICT_PROTOTYPES = YES;
				CLANG_WARN_SUSPICIOUS_MOVE = YES;
				CLANG_WARN_UNREACHABLE_CODE = YES;
				CLANG_WARN__DUPLICATE_METHOD_MATCH = YES;
				COPY_PHASE_STRIP = NO;
				CURRENT_PROJECT_VERSION = 1.2.0;
				DEBUG_INFORMATION_FORMAT = dwarf;
				DYLIB_COMPATIBILITY_VERSION = 1;
				DYLIB_CURRENT_VERSION = 1;
				ENABLE_STRICT_OBJC_MSGSEND = YES;
				ENABLE_TESTABILITY = YES;
				GCC_C_LANGUAGE_STANDARD = gnu99;
				GCC_DYNAMIC_NO_PIC = NO;
				GCC_NO_COMMON_BLOCKS = YES;
				GCC_OPTIMIZATION_LEVEL = 0;
				GCC_PREPROCESSOR_DEFINITIONS = (
					"DEBUG=1",
					"$(inherited)",
				);
				GCC_WARN_64_TO_32_BIT_CONVERSION = YES;
				GCC_WARN_ABOUT_RETURN_TYPE = YES_ERROR;
				GCC_WARN_UNDECLARED_SELECTOR = YES;
				GCC_WARN_UNINITIALIZED_AUTOS = YES_AGGRESSIVE;
				GCC_WARN_UNUSED_FUNCTION = YES;
				GCC_WARN_UNUSED_VARIABLE = YES;
				IPHONEOS_DEPLOYMENT_TARGET = 8.0;
				LD_DYLIB_INSTALL_NAME = "@rpath";
				MACOSX_DEPLOYMENT_TARGET = 10.10;
				MTL_ENABLE_DEBUG_INFO = YES;
				ONLY_ACTIVE_ARCH = YES;
				SUPPORTED_PLATFORMS = "macosx appletvsimulator appletvos watchsimulator iphonesimulator watchos iphoneos";
				SWIFT_ACTIVE_COMPILATION_CONDITIONS = DEBUG;
				SWIFT_OPTIMIZATION_LEVEL = "-Onone";
				SWIFT_SWIFT3_OBJC_INFERENCE = Off;
				SWIFT_VERSION = 5.0;
				TARGETED_DEVICE_FAMILY = "1,2,3,4";
				TVOS_DEPLOYMENT_TARGET = 9.0;
				VERSIONING_SYSTEM = "apple-generic";
				WATCHOS_DEPLOYMENT_TARGET = 2.0;
			};
			name = Debug;
		};
		FEE454081E0BE8DB00D8E707 /* Release */ = {
			isa = XCBuildConfiguration;
			buildSettings = {
				ALWAYS_SEARCH_USER_PATHS = NO;
				CLANG_ANALYZER_LOCALIZABILITY_NONLOCALIZED = YES;
				CLANG_ANALYZER_NONNULL = YES;
				CLANG_ENABLE_MODULES = YES;
				CLANG_ENABLE_OBJC_ARC = YES;
				CLANG_WARN_BLOCK_CAPTURE_AUTORELEASING = YES;
				CLANG_WARN_BOOL_CONVERSION = YES;
				CLANG_WARN_COMMA = YES;
				CLANG_WARN_CONSTANT_CONVERSION = YES;
				CLANG_WARN_DEPRECATED_OBJC_IMPLEMENTATIONS = YES;
				CLANG_WARN_DIRECT_OBJC_ISA_USAGE = YES_ERROR;
				CLANG_WARN_DOCUMENTATION_COMMENTS = YES;
				CLANG_WARN_EMPTY_BODY = YES;
				CLANG_WARN_ENUM_CONVERSION = YES;
				CLANG_WARN_INFINITE_RECURSION = YES;
				CLANG_WARN_INT_CONVERSION = YES;
				CLANG_WARN_NON_LITERAL_NULL_CONVERSION = YES;
				CLANG_WARN_OBJC_IMPLICIT_RETAIN_SELF = YES;
				CLANG_WARN_OBJC_LITERAL_CONVERSION = YES;
				CLANG_WARN_OBJC_ROOT_CLASS = YES_ERROR;
				CLANG_WARN_RANGE_LOOP_ANALYSIS = YES;
				CLANG_WARN_STRICT_PROTOTYPES = YES;
				CLANG_WARN_SUSPICIOUS_MOVE = YES;
				CLANG_WARN_UNREACHABLE_CODE = YES;
				CLANG_WARN__DUPLICATE_METHOD_MATCH = YES;
				COPY_PHASE_STRIP = NO;
				CURRENT_PROJECT_VERSION = 1.2.0;
				DEBUG_INFORMATION_FORMAT = "dwarf-with-dsym";
				DYLIB_COMPATIBILITY_VERSION = 1;
				DYLIB_CURRENT_VERSION = 1;
				ENABLE_NS_ASSERTIONS = NO;
				ENABLE_STRICT_OBJC_MSGSEND = YES;
				GCC_C_LANGUAGE_STANDARD = gnu99;
				GCC_NO_COMMON_BLOCKS = YES;
				GCC_WARN_64_TO_32_BIT_CONVERSION = YES;
				GCC_WARN_ABOUT_RETURN_TYPE = YES_ERROR;
				GCC_WARN_UNDECLARED_SELECTOR = YES;
				GCC_WARN_UNINITIALIZED_AUTOS = YES_AGGRESSIVE;
				GCC_WARN_UNUSED_FUNCTION = YES;
				GCC_WARN_UNUSED_VARIABLE = YES;
				IPHONEOS_DEPLOYMENT_TARGET = 8.0;
				LD_DYLIB_INSTALL_NAME = "@rpath";
				MACOSX_DEPLOYMENT_TARGET = 10.10;
				MTL_ENABLE_DEBUG_INFO = NO;
				SUPPORTED_PLATFORMS = "macosx appletvsimulator appletvos watchsimulator iphonesimulator watchos iphoneos";
				SWIFT_OPTIMIZATION_LEVEL = "-Owholemodule";
				SWIFT_SWIFT3_OBJC_INFERENCE = Off;
				SWIFT_VERSION = 5.0;
				TARGETED_DEVICE_FAMILY = "1,2,3,4";
				TVOS_DEPLOYMENT_TARGET = 9.0;
				VERSIONING_SYSTEM = "apple-generic";
				WATCHOS_DEPLOYMENT_TARGET = 2.0;
			};
			name = Release;
		};
		FEE4540A1E0BE8DB00D8E707 /* Debug */ = {
			isa = XCBuildConfiguration;
			buildSettings = {
				APPLICATION_EXTENSION_API_ONLY = YES;
				CLANG_ENABLE_MODULES = YES;
				DEFINES_MODULE = YES;
				DYLIB_INSTALL_NAME_BASE = "@rpath";
				INFOPLIST_FILE = Sources/Info.plist;
				LD_DYLIB_INSTALL_NAME = "$(DYLIB_INSTALL_NAME_BASE:standardizepath)/$(EXECUTABLE_PATH)";
				LD_RUNPATH_SEARCH_PATHS = "$(inherited) @executable_path/Frameworks @loader_path/Frameworks";
				MARKETING_VERSION = 2.1.0;
				PRODUCT_BUNDLE_IDENTIFIER = "me.arturgrigor.$(PRODUCT_NAME:rfc1034identifier)";
				PRODUCT_NAME = IPAPI;
				SKIP_INSTALL = YES;
				SWIFT_OPTIMIZATION_LEVEL = "-Onone";
			};
			name = Debug;
		};
		FEE4540B1E0BE8DB00D8E707 /* Release */ = {
			isa = XCBuildConfiguration;
			buildSettings = {
				APPLICATION_EXTENSION_API_ONLY = YES;
				CLANG_ENABLE_MODULES = YES;
				DEFINES_MODULE = YES;
				DYLIB_INSTALL_NAME_BASE = "@rpath";
				INFOPLIST_FILE = Sources/Info.plist;
				LD_DYLIB_INSTALL_NAME = "$(DYLIB_INSTALL_NAME_BASE:standardizepath)/$(EXECUTABLE_PATH)";
				LD_RUNPATH_SEARCH_PATHS = "$(inherited) @executable_path/Frameworks @loader_path/Frameworks";
				MARKETING_VERSION = 2.1.0;
				PRODUCT_BUNDLE_IDENTIFIER = "me.arturgrigor.$(PRODUCT_NAME:rfc1034identifier)";
				PRODUCT_NAME = IPAPI;
				SKIP_INSTALL = YES;
			};
			name = Release;
		};
/* End XCBuildConfiguration section */

/* Begin XCConfigurationList section */
		FE576B2A1E0C99E5009D4C46 /* Build configuration list for PBXNativeTarget "IPAPI iOS Tests" */ = {
			isa = XCConfigurationList;
			buildConfigurations = (
				FE576B2B1E0C99E5009D4C46 /* Debug */,
				FE576B2C1E0C99E5009D4C46 /* Release */,
			);
			defaultConfigurationIsVisible = 0;
			defaultConfigurationName = Release;
		};
		FEDFDB461FA39F7A00607D1A /* Build configuration list for PBXNativeTarget "IPAPI macOS Tests" */ = {
			isa = XCConfigurationList;
			buildConfigurations = (
				FEDFDB471FA39F7A00607D1A /* Debug */,
				FEDFDB481FA39F7A00607D1A /* Release */,
			);
			defaultConfigurationIsVisible = 0;
			defaultConfigurationName = Release;
		};
		FEE453FB1E0BE8DB00D8E707 /* Build configuration list for PBXProject "IPAPI" */ = {
			isa = XCConfigurationList;
			buildConfigurations = (
				FEE454071E0BE8DB00D8E707 /* Debug */,
				FEE454081E0BE8DB00D8E707 /* Release */,
			);
			defaultConfigurationIsVisible = 0;
			defaultConfigurationName = Release;
		};
		FEE454091E0BE8DB00D8E707 /* Build configuration list for PBXNativeTarget "IPAPI" */ = {
			isa = XCConfigurationList;
			buildConfigurations = (
				FEE4540A1E0BE8DB00D8E707 /* Debug */,
				FEE4540B1E0BE8DB00D8E707 /* Release */,
			);
			defaultConfigurationIsVisible = 0;
			defaultConfigurationName = Release;
		};
/* End XCConfigurationList section */
	};
	rootObject = FEE453F81E0BE8DB00D8E707 /* Project object */;
}
