// !$*UTF8*$!
{
	archiveVersion = 1;
	classes = {
	};
	objectVersion = 46;
	objects = {

/* Begin PBXBuildFile section */
		357A43CF163492F2A5DCDDBA /* Pods_Tests_IPAPI_macOS_Tests.framework in Frameworks */ = {isa = PBXBuildFile; fileRef = FC83AA2DC3CFA0E06F18F88D /* Pods_Tests_IPAPI_macOS_Tests.framework */; };
		EE0E49FA36C3131A4F9A23D2 /* Pods_Tests_IPAPI_iOS_Tests.framework in Frameworks */ = {isa = PBXBuildFile; fileRef = D91682B83B8A954E00AE72A5 /* Pods_Tests_IPAPI_iOS_Tests.framework */; };
		FE576B271E0C99E5009D4C46 /* IPAPI.framework in Frameworks */ = {isa = PBXBuildFile; fileRef = FEE454011E0BE8DB00D8E707 /* IPAPI.framework */; };
		FE576B4A1E0CACEF009D4C46 /* IPAPI.framework in Frameworks */ = {isa = PBXBuildFile; fileRef = FEE454141E0BF78F00D8E707 /* IPAPI.framework */; };
		FE576B591E0CACFD009D4C46 /* IPAPI.framework in Frameworks */ = {isa = PBXBuildFile; fileRef = FEE454211E0BF79E00D8E707 /* IPAPI.framework */; };
		FE97617A1E8FBB57006F1F9D /* IPAPI.h in Headers */ = {isa = PBXBuildFile; fileRef = FE97616D1E8FBB52006F1F9D /* IPAPI.h */; settings = {ATTRIBUTES = (Public, ); }; };
		FE97617B1E8FBB57006F1F9D /* IPAPI.h in Headers */ = {isa = PBXBuildFile; fileRef = FE97616D1E8FBB52006F1F9D /* IPAPI.h */; settings = {ATTRIBUTES = (Public, ); }; };
		FE97617C1E8FBB58006F1F9D /* IPAPI.h in Headers */ = {isa = PBXBuildFile; fileRef = FE97616D1E8FBB52006F1F9D /* IPAPI.h */; settings = {ATTRIBUTES = (Public, ); }; };
		FE97617D1E8FBB58006F1F9D /* IPAPI.h in Headers */ = {isa = PBXBuildFile; fileRef = FE97616D1E8FBB52006F1F9D /* IPAPI.h */; settings = {ATTRIBUTES = (Public, ); }; };
		FE97617E1E8FBB60006F1F9D /* Service.swift in Sources */ = {isa = PBXBuildFile; fileRef = FE97616E1E8FBB52006F1F9D /* Service.swift */; };
		FE9761801E8FBB61006F1F9D /* Service.swift in Sources */ = {isa = PBXBuildFile; fileRef = FE97616E1E8FBB52006F1F9D /* Service.swift */; };
		FE9761821E8FBB61006F1F9D /* Service.swift in Sources */ = {isa = PBXBuildFile; fileRef = FE97616E1E8FBB52006F1F9D /* Service.swift */; };
		FE9761841E8FBB62006F1F9D /* Service.swift in Sources */ = {isa = PBXBuildFile; fileRef = FE97616E1E8FBB52006F1F9D /* Service.swift */; };
		FE9761871E8FBBE3006F1F9D /* IPAPI_Tests.swift in Sources */ = {isa = PBXBuildFile; fileRef = FE9761781E8FBB52006F1F9D /* IPAPI_Tests.swift */; };
		FE9761881E8FBBE3006F1F9D /* XCTest+Helpers.swift in Sources */ = {isa = PBXBuildFile; fileRef = FE9761791E8FBB52006F1F9D /* XCTest+Helpers.swift */; };
		FE9761891E8FBBE4006F1F9D /* IPAPI_Tests.swift in Sources */ = {isa = PBXBuildFile; fileRef = FE9761781E8FBB52006F1F9D /* IPAPI_Tests.swift */; };
		FE97618A1E8FBBE4006F1F9D /* XCTest+Helpers.swift in Sources */ = {isa = PBXBuildFile; fileRef = FE9761791E8FBB52006F1F9D /* XCTest+Helpers.swift */; };
		FE97618B1E8FBBE5006F1F9D /* IPAPI_Tests.swift in Sources */ = {isa = PBXBuildFile; fileRef = FE9761781E8FBB52006F1F9D /* IPAPI_Tests.swift */; };
		FE97618C1E8FBBE5006F1F9D /* XCTest+Helpers.swift in Sources */ = {isa = PBXBuildFile; fileRef = FE9761791E8FBB52006F1F9D /* XCTest+Helpers.swift */; };
		FE97618D1E8FBBE9006F1F9D /* apple.json in Resources */ = {isa = PBXBuildFile; fileRef = FE9761711E8FBB52006F1F9D /* apple.json */; };
		FE97618E1E8FBBE9006F1F9D /* appleWithAllFields.json in Resources */ = {isa = PBXBuildFile; fileRef = FE9761721E8FBB52006F1F9D /* appleWithAllFields.json */; };
		FE97618F1E8FBBE9006F1F9D /* appleWithAllFieldsInSpanish.json in Resources */ = {isa = PBXBuildFile; fileRef = FE9761731E8FBB52006F1F9D /* appleWithAllFieldsInSpanish.json */; };
		FE9761901E8FBBE9006F1F9D /* batch.json in Resources */ = {isa = PBXBuildFile; fileRef = FE9761741E8FBB52006F1F9D /* batch.json */; };
		FE9761911E8FBBE9006F1F9D /* currentIp.json in Resources */ = {isa = PBXBuildFile; fileRef = FE9761751E8FBB52006F1F9D /* currentIp.json */; };
		FE9761921E8FBBE9006F1F9D /* failed.json in Resources */ = {isa = PBXBuildFile; fileRef = FE9761761E8FBB52006F1F9D /* failed.json */; };
		FE9761931E8FBBEA006F1F9D /* apple.json in Resources */ = {isa = PBXBuildFile; fileRef = FE9761711E8FBB52006F1F9D /* apple.json */; };
		FE9761941E8FBBEA006F1F9D /* appleWithAllFields.json in Resources */ = {isa = PBXBuildFile; fileRef = FE9761721E8FBB52006F1F9D /* appleWithAllFields.json */; };
		FE9761951E8FBBEA006F1F9D /* appleWithAllFieldsInSpanish.json in Resources */ = {isa = PBXBuildFile; fileRef = FE9761731E8FBB52006F1F9D /* appleWithAllFieldsInSpanish.json */; };
		FE9761961E8FBBEA006F1F9D /* batch.json in Resources */ = {isa = PBXBuildFile; fileRef = FE9761741E8FBB52006F1F9D /* batch.json */; };
		FE9761971E8FBBEA006F1F9D /* currentIp.json in Resources */ = {isa = PBXBuildFile; fileRef = FE9761751E8FBB52006F1F9D /* currentIp.json */; };
		FE9761981E8FBBEA006F1F9D /* failed.json in Resources */ = {isa = PBXBuildFile; fileRef = FE9761761E8FBB52006F1F9D /* failed.json */; };
		FE9761991E8FBBEA006F1F9D /* apple.json in Resources */ = {isa = PBXBuildFile; fileRef = FE9761711E8FBB52006F1F9D /* apple.json */; };
		FE97619A1E8FBBEA006F1F9D /* appleWithAllFields.json in Resources */ = {isa = PBXBuildFile; fileRef = FE9761721E8FBB52006F1F9D /* appleWithAllFields.json */; };
		FE97619B1E8FBBEA006F1F9D /* appleWithAllFieldsInSpanish.json in Resources */ = {isa = PBXBuildFile; fileRef = FE9761731E8FBB52006F1F9D /* appleWithAllFieldsInSpanish.json */; };
		FE97619C1E8FBBEA006F1F9D /* batch.json in Resources */ = {isa = PBXBuildFile; fileRef = FE9761741E8FBB52006F1F9D /* batch.json */; };
		FE97619D1E8FBBEA006F1F9D /* currentIp.json in Resources */ = {isa = PBXBuildFile; fileRef = FE9761751E8FBB52006F1F9D /* currentIp.json */; };
		FE97619E1E8FBBEA006F1F9D /* failed.json in Resources */ = {isa = PBXBuildFile; fileRef = FE9761761E8FBB52006F1F9D /* failed.json */; };
		FE97619F1E8FBBF9006F1F9D /* Service.swift in Sources */ = {isa = PBXBuildFile; fileRef = FE97616E1E8FBB52006F1F9D /* Service.swift */; };
		FE9761A01E8FBBF9006F1F9D /* Service.swift in Sources */ = {isa = PBXBuildFile; fileRef = FE97616E1E8FBB52006F1F9D /* Service.swift */; };
		FE9761A11E8FBBFA006F1F9D /* Service.swift in Sources */ = {isa = PBXBuildFile; fileRef = FE97616E1E8FBB52006F1F9D /* Service.swift */; };
/* End PBXBuildFile section */

/* Begin PBXContainerItemProxy section */
		FE576B281E0C99E5009D4C46 /* PBXContainerItemProxy */ = {
			isa = PBXContainerItemProxy;
			containerPortal = FEE453F81E0BE8DB00D8E707 /* Project object */;
			proxyType = 1;
			remoteGlobalIDString = FEE454001E0BE8DB00D8E707;
			remoteInfo = "IPAPI iOS";
		};
		FE576B4B1E0CACEF009D4C46 /* PBXContainerItemProxy */ = {
			isa = PBXContainerItemProxy;
			containerPortal = FEE453F81E0BE8DB00D8E707 /* Project object */;
			proxyType = 1;
			remoteGlobalIDString = FEE454131E0BF78F00D8E707;
			remoteInfo = "IPAPI macOS";
		};
		FE576B5A1E0CACFD009D4C46 /* PBXContainerItemProxy */ = {
			isa = PBXContainerItemProxy;
			containerPortal = FEE453F81E0BE8DB00D8E707 /* Project object */;
			proxyType = 1;
			remoteGlobalIDString = FEE454201E0BF79E00D8E707;
			remoteInfo = "IPAPI tvOS";
		};
/* End PBXContainerItemProxy section */

/* Begin PBXFileReference section */
		65BA13B2A5E4C6C2743220FD /* Pods-Tests-IPAPI iOS Tests.debug.xcconfig */ = {isa = PBXFileReference; includeInIndex = 1; lastKnownFileType = text.xcconfig; name = "Pods-Tests-IPAPI iOS Tests.debug.xcconfig"; path = "Pods/Target Support Files/Pods-Tests-IPAPI iOS Tests/Pods-Tests-IPAPI iOS Tests.debug.xcconfig"; sourceTree = "<group>"; };
		7D48DD1FC221C34335F193E9 /* Pods-Tests-IPAPI macOS Tests.release.xcconfig */ = {isa = PBXFileReference; includeInIndex = 1; lastKnownFileType = text.xcconfig; name = "Pods-Tests-IPAPI macOS Tests.release.xcconfig"; path = "Pods/Target Support Files/Pods-Tests-IPAPI macOS Tests/Pods-Tests-IPAPI macOS Tests.release.xcconfig"; sourceTree = "<group>"; };
		D91682B83B8A954E00AE72A5 /* Pods_Tests_IPAPI_iOS_Tests.framework */ = {isa = PBXFileReference; explicitFileType = wrapper.framework; includeInIndex = 0; path = Pods_Tests_IPAPI_iOS_Tests.framework; sourceTree = BUILT_PRODUCTS_DIR; };
		E93E0E0D146D1485FFD54871 /* Pods-Tests-IPAPI iOS Tests.release.xcconfig */ = {isa = PBXFileReference; includeInIndex = 1; lastKnownFileType = text.xcconfig; name = "Pods-Tests-IPAPI iOS Tests.release.xcconfig"; path = "Pods/Target Support Files/Pods-Tests-IPAPI iOS Tests/Pods-Tests-IPAPI iOS Tests.release.xcconfig"; sourceTree = "<group>"; };
		FA583E1735BAE3EC8AB8C476 /* Pods-Tests-IPAPI macOS Tests.debug.xcconfig */ = {isa = PBXFileReference; includeInIndex = 1; lastKnownFileType = text.xcconfig; name = "Pods-Tests-IPAPI macOS Tests.debug.xcconfig"; path = "Pods/Target Support Files/Pods-Tests-IPAPI macOS Tests/Pods-Tests-IPAPI macOS Tests.debug.xcconfig"; sourceTree = "<group>"; };
		FC83AA2DC3CFA0E06F18F88D /* Pods_Tests_IPAPI_macOS_Tests.framework */ = {isa = PBXFileReference; explicitFileType = wrapper.framework; includeInIndex = 0; path = Pods_Tests_IPAPI_macOS_Tests.framework; sourceTree = BUILT_PRODUCTS_DIR; };
		FE576B221E0C99E5009D4C46 /* IPAPI Tests.xctest */ = {isa = PBXFileReference; explicitFileType = wrapper.cfbundle; includeInIndex = 0; path = "IPAPI Tests.xctest"; sourceTree = BUILT_PRODUCTS_DIR; };
		FE576B451E0CACEF009D4C46 /* IPAPI Tests.xctest */ = {isa = PBXFileReference; explicitFileType = wrapper.cfbundle; includeInIndex = 0; path = "IPAPI Tests.xctest"; sourceTree = BUILT_PRODUCTS_DIR; };
		FE576B541E0CACFD009D4C46 /* IPAPI Tests.xctest */ = {isa = PBXFileReference; explicitFileType = wrapper.cfbundle; includeInIndex = 0; path = "IPAPI Tests.xctest"; sourceTree = BUILT_PRODUCTS_DIR; };
		FE576B6F1E0CAD84009D4C46 /* Podfile */ = {isa = PBXFileReference; lastKnownFileType = text; path = Podfile; sourceTree = "<group>"; xcLanguageSpecificationIdentifier = xcode.lang.ruby; };
		FE7C0C9B1E0CB16D00620172 /* LICENSE */ = {isa = PBXFileReference; lastKnownFileType = text; path = LICENSE; sourceTree = "<group>"; };
		FE7C0C9C1E0CB16D00620172 /* README.md */ = {isa = PBXFileReference; lastKnownFileType = net.daringfireball.markdown; path = README.md; sourceTree = "<group>"; };
		FE97616C1E8FBB52006F1F9D /* Info.plist */ = {isa = PBXFileReference; lastKnownFileType = text.plist.xml; path = Info.plist; sourceTree = "<group>"; };
		FE97616D1E8FBB52006F1F9D /* IPAPI.h */ = {isa = PBXFileReference; lastKnownFileType = sourcecode.c.h; path = IPAPI.h; sourceTree = "<group>"; };
		FE97616E1E8FBB52006F1F9D /* Service.swift */ = {isa = PBXFileReference; lastKnownFileType = sourcecode.swift; path = Service.swift; sourceTree = "<group>"; };
		FE9761711E8FBB52006F1F9D /* apple.json */ = {isa = PBXFileReference; lastKnownFileType = text.json; path = apple.json; sourceTree = "<group>"; };
		FE9761721E8FBB52006F1F9D /* appleWithAllFields.json */ = {isa = PBXFileReference; lastKnownFileType = text.json; path = appleWithAllFields.json; sourceTree = "<group>"; };
		FE9761731E8FBB52006F1F9D /* appleWithAllFieldsInSpanish.json */ = {isa = PBXFileReference; lastKnownFileType = text.json; path = appleWithAllFieldsInSpanish.json; sourceTree = "<group>"; };
		FE9761741E8FBB52006F1F9D /* batch.json */ = {isa = PBXFileReference; lastKnownFileType = text.json; path = batch.json; sourceTree = "<group>"; };
		FE9761751E8FBB52006F1F9D /* currentIp.json */ = {isa = PBXFileReference; lastKnownFileType = text.json; path = currentIp.json; sourceTree = "<group>"; };
		FE9761761E8FBB52006F1F9D /* failed.json */ = {isa = PBXFileReference; lastKnownFileType = text.json; path = failed.json; sourceTree = "<group>"; };
		FE9761771E8FBB52006F1F9D /* Info.plist */ = {isa = PBXFileReference; lastKnownFileType = text.plist.xml; path = Info.plist; sourceTree = "<group>"; };
		FE9761781E8FBB52006F1F9D /* IPAPI_Tests.swift */ = {isa = PBXFileReference; lastKnownFileType = sourcecode.swift; path = IPAPI_Tests.swift; sourceTree = "<group>"; };
		FE9761791E8FBB52006F1F9D /* XCTest+Helpers.swift */ = {isa = PBXFileReference; lastKnownFileType = sourcecode.swift; path = "XCTest+Helpers.swift"; sourceTree = "<group>"; };
		FE9761A21E8FBD45006F1F9D /* Package.swift */ = {isa = PBXFileReference; lastKnownFileType = sourcecode.swift; path = Package.swift; sourceTree = "<group>"; };
		FEE454011E0BE8DB00D8E707 /* IPAPI.framework */ = {isa = PBXFileReference; explicitFileType = wrapper.framework; includeInIndex = 0; path = IPAPI.framework; sourceTree = BUILT_PRODUCTS_DIR; };
		FEE4540C1E0BE96600D8E707 /* IPAPI.podspec */ = {isa = PBXFileReference; explicitFileType = text.script.ruby; path = IPAPI.podspec; sourceTree = "<group>"; };
		FEE454141E0BF78F00D8E707 /* IPAPI.framework */ = {isa = PBXFileReference; explicitFileType = wrapper.framework; includeInIndex = 0; path = IPAPI.framework; sourceTree = BUILT_PRODUCTS_DIR; };
		FEE454211E0BF79E00D8E707 /* IPAPI.framework */ = {isa = PBXFileReference; explicitFileType = wrapper.framework; includeInIndex = 0; path = IPAPI.framework; sourceTree = BUILT_PRODUCTS_DIR; };
		FEE4542E1E0BF7A800D8E707 /* IPAPI.framework */ = {isa = PBXFileReference; explicitFileType = wrapper.framework; includeInIndex = 0; path = IPAPI.framework; sourceTree = BUILT_PRODUCTS_DIR; };
/* End PBXFileReference section */

/* Begin PBXFrameworksBuildPhase section */
		FE576B1F1E0C99E5009D4C46 /* Frameworks */ = {
			isa = PBXFrameworksBuildPhase;
			buildActionMask = 2147483647;
			files = (
				FE576B271E0C99E5009D4C46 /* IPAPI.framework in Frameworks */,
				EE0E49FA36C3131A4F9A23D2 /* Pods_Tests_IPAPI_iOS_Tests.framework in Frameworks */,
			);
			runOnlyForDeploymentPostprocessing = 0;
		};
		FE576B421E0CACEF009D4C46 /* Frameworks */ = {
			isa = PBXFrameworksBuildPhase;
			buildActionMask = 2147483647;
			files = (
				FE576B4A1E0CACEF009D4C46 /* IPAPI.framework in Frameworks */,
				357A43CF163492F2A5DCDDBA /* Pods_Tests_IPAPI_macOS_Tests.framework in Frameworks */,
			);
			runOnlyForDeploymentPostprocessing = 0;
		};
		FE576B511E0CACFD009D4C46 /* Frameworks */ = {
			isa = PBXFrameworksBuildPhase;
			buildActionMask = 2147483647;
			files = (
				FE576B591E0CACFD009D4C46 /* IPAPI.framework in Frameworks */,
			);
			runOnlyForDeploymentPostprocessing = 0;
		};
		FEE453FD1E0BE8DB00D8E707 /* Frameworks */ = {
			isa = PBXFrameworksBuildPhase;
			buildActionMask = 2147483647;
			files = (
			);
			runOnlyForDeploymentPostprocessing = 0;
		};
		FEE454101E0BF78F00D8E707 /* Frameworks */ = {
			isa = PBXFrameworksBuildPhase;
			buildActionMask = 2147483647;
			files = (
			);
			runOnlyForDeploymentPostprocessing = 0;
		};
		FEE4541D1E0BF79E00D8E707 /* Frameworks */ = {
			isa = PBXFrameworksBuildPhase;
			buildActionMask = 2147483647;
			files = (
			);
			runOnlyForDeploymentPostprocessing = 0;
		};
		FEE4542A1E0BF7A800D8E707 /* Frameworks */ = {
			isa = PBXFrameworksBuildPhase;
			buildActionMask = 2147483647;
			files = (
			);
			runOnlyForDeploymentPostprocessing = 0;
		};
/* End PBXFrameworksBuildPhase section */

/* Begin PBXGroup section */
		604545D41A5979265DCDFCF2 /* Frameworks */ = {
			isa = PBXGroup;
			children = (
				D91682B83B8A954E00AE72A5 /* Pods_Tests_IPAPI_iOS_Tests.framework */,
				FC83AA2DC3CFA0E06F18F88D /* Pods_Tests_IPAPI_macOS_Tests.framework */,
			);
			name = Frameworks;
			sourceTree = "<group>";
		};
		B63FE370E19B5BAC9CB24F2A /* Pods */ = {
			isa = PBXGroup;
			children = (
				65BA13B2A5E4C6C2743220FD /* Pods-Tests-IPAPI iOS Tests.debug.xcconfig */,
				E93E0E0D146D1485FFD54871 /* Pods-Tests-IPAPI iOS Tests.release.xcconfig */,
				FA583E1735BAE3EC8AB8C476 /* Pods-Tests-IPAPI macOS Tests.debug.xcconfig */,
				7D48DD1FC221C34335F193E9 /* Pods-Tests-IPAPI macOS Tests.release.xcconfig */,
			);
			name = Pods;
			sourceTree = "<group>";
		};
		FE97616B1E8FBB52006F1F9D /* Sources */ = {
			isa = PBXGroup;
			children = (
				FE97616C1E8FBB52006F1F9D /* Info.plist */,
				FE97616D1E8FBB52006F1F9D /* IPAPI.h */,
				FE97616E1E8FBB52006F1F9D /* Service.swift */,
			);
			path = Sources;
			sourceTree = "<group>";
		};
		FE97616F1E8FBB52006F1F9D /* Tests */ = {
			isa = PBXGroup;
			children = (
				FE9761701E8FBB52006F1F9D /* Fixtures */,
				FE9761771E8FBB52006F1F9D /* Info.plist */,
				FE9761781E8FBB52006F1F9D /* IPAPI_Tests.swift */,
				FE9761791E8FBB52006F1F9D /* XCTest+Helpers.swift */,
			);
			path = Tests;
			sourceTree = "<group>";
		};
		FE9761701E8FBB52006F1F9D /* Fixtures */ = {
			isa = PBXGroup;
			children = (
				FE9761711E8FBB52006F1F9D /* apple.json */,
				FE9761721E8FBB52006F1F9D /* appleWithAllFields.json */,
				FE9761731E8FBB52006F1F9D /* appleWithAllFieldsInSpanish.json */,
				FE9761741E8FBB52006F1F9D /* batch.json */,
				FE9761751E8FBB52006F1F9D /* currentIp.json */,
				FE9761761E8FBB52006F1F9D /* failed.json */,
			);
			path = Fixtures;
			sourceTree = "<group>";
		};
		FEE453F71E0BE8DB00D8E707 = {
			isa = PBXGroup;
			children = (
				FE576B6F1E0CAD84009D4C46 /* Podfile */,
				FEE4540C1E0BE96600D8E707 /* IPAPI.podspec */,
				FE9761A21E8FBD45006F1F9D /* Package.swift */,
				FE7C0C9B1E0CB16D00620172 /* LICENSE */,
				FE7C0C9C1E0CB16D00620172 /* README.md */,
				FE97616B1E8FBB52006F1F9D /* Sources */,
				FE97616F1E8FBB52006F1F9D /* Tests */,
				FEE454021E0BE8DB00D8E707 /* Products */,
				B63FE370E19B5BAC9CB24F2A /* Pods */,
				604545D41A5979265DCDFCF2 /* Frameworks */,
			);
			sourceTree = "<group>";
		};
		FEE454021E0BE8DB00D8E707 /* Products */ = {
			isa = PBXGroup;
			children = (
				FEE454011E0BE8DB00D8E707 /* IPAPI.framework */,
				FEE454141E0BF78F00D8E707 /* IPAPI.framework */,
				FEE454211E0BF79E00D8E707 /* IPAPI.framework */,
				FEE4542E1E0BF7A800D8E707 /* IPAPI.framework */,
				FE576B221E0C99E5009D4C46 /* IPAPI Tests.xctest */,
				FE576B451E0CACEF009D4C46 /* IPAPI Tests.xctest */,
				FE576B541E0CACFD009D4C46 /* IPAPI Tests.xctest */,
			);
			name = Products;
			sourceTree = "<group>";
		};
/* End PBXGroup section */

/* Begin PBXHeadersBuildPhase section */
		FEE453FE1E0BE8DB00D8E707 /* Headers */ = {
			isa = PBXHeadersBuildPhase;
			buildActionMask = 2147483647;
			files = (
				FE97617A1E8FBB57006F1F9D /* IPAPI.h in Headers */,
			);
			runOnlyForDeploymentPostprocessing = 0;
		};
		FEE454111E0BF78F00D8E707 /* Headers */ = {
			isa = PBXHeadersBuildPhase;
			buildActionMask = 2147483647;
			files = (
				FE97617B1E8FBB57006F1F9D /* IPAPI.h in Headers */,
			);
			runOnlyForDeploymentPostprocessing = 0;
		};
		FEE4541E1E0BF79E00D8E707 /* Headers */ = {
			isa = PBXHeadersBuildPhase;
			buildActionMask = 2147483647;
			files = (
				FE97617C1E8FBB58006F1F9D /* IPAPI.h in Headers */,
			);
			runOnlyForDeploymentPostprocessing = 0;
		};
		FEE4542B1E0BF7A800D8E707 /* Headers */ = {
			isa = PBXHeadersBuildPhase;
			buildActionMask = 2147483647;
			files = (
				FE97617D1E8FBB58006F1F9D /* IPAPI.h in Headers */,
			);
			runOnlyForDeploymentPostprocessing = 0;
		};
/* End PBXHeadersBuildPhase section */

/* Begin PBXNativeTarget section */
		FE576B211E0C99E5009D4C46 /* IPAPI iOS Tests */ = {
			isa = PBXNativeTarget;
			buildConfigurationList = FE576B2A1E0C99E5009D4C46 /* Build configuration list for PBXNativeTarget "IPAPI iOS Tests" */;
			buildPhases = (
				DBAB3B4E003B4E6BBD3BC0F3 /* [CP] Check Pods Manifest.lock */,
				FE576B1E1E0C99E5009D4C46 /* Sources */,
				FE576B1F1E0C99E5009D4C46 /* Frameworks */,
				FE576B201E0C99E5009D4C46 /* Resources */,
				125212710FE8FB90FC7A772A /* [CP] Embed Pods Frameworks */,
				EFB42CE1825702035746FE35 /* [CP] Copy Pods Resources */,
			);
			buildRules = (
			);
			dependencies = (
				FE576B291E0C99E5009D4C46 /* PBXTargetDependency */,
			);
			name = "IPAPI iOS Tests";
			productName = "IPAPI iOS Tests";
			productReference = FE576B221E0C99E5009D4C46 /* IPAPI Tests.xctest */;
			productType = "com.apple.product-type.bundle.unit-test";
		};
		FE576B441E0CACEF009D4C46 /* IPAPI macOS Tests */ = {
			isa = PBXNativeTarget;
			buildConfigurationList = FE576B4D1E0CACEF009D4C46 /* Build configuration list for PBXNativeTarget "IPAPI macOS Tests" */;
			buildPhases = (
				0F3A5F8CAE1D370F50E670C9 /* [CP] Check Pods Manifest.lock */,
				FE576B411E0CACEF009D4C46 /* Sources */,
				FE576B421E0CACEF009D4C46 /* Frameworks */,
				FE576B431E0CACEF009D4C46 /* Resources */,
				3C3DF9024A3E187101D58631 /* [CP] Embed Pods Frameworks */,
				59F7B9D1FCA64DBB634C1000 /* [CP] Copy Pods Resources */,
			);
			buildRules = (
			);
			dependencies = (
				FE576B4C1E0CACEF009D4C46 /* PBXTargetDependency */,
			);
			name = "IPAPI macOS Tests";
			productName = "IPAPI macOS Tests";
			productReference = FE576B451E0CACEF009D4C46 /* IPAPI Tests.xctest */;
			productType = "com.apple.product-type.bundle.unit-test";
		};
		FE576B531E0CACFD009D4C46 /* IPAPI tvOS Tests */ = {
			isa = PBXNativeTarget;
			buildConfigurationList = FE576B5C1E0CACFD009D4C46 /* Build configuration list for PBXNativeTarget "IPAPI tvOS Tests" */;
			buildPhases = (
				FE576B501E0CACFD009D4C46 /* Sources */,
				FE576B511E0CACFD009D4C46 /* Frameworks */,
				FE576B521E0CACFD009D4C46 /* Resources */,
			);
			buildRules = (
			);
			dependencies = (
				FE576B5B1E0CACFD009D4C46 /* PBXTargetDependency */,
			);
			name = "IPAPI tvOS Tests";
			productName = "IPAPI tvOS Tests";
			productReference = FE576B541E0CACFD009D4C46 /* IPAPI Tests.xctest */;
			productType = "com.apple.product-type.bundle.unit-test";
		};
		FEE454001E0BE8DB00D8E707 /* IPAPI iOS */ = {
			isa = PBXNativeTarget;
			buildConfigurationList = FEE454091E0BE8DB00D8E707 /* Build configuration list for PBXNativeTarget "IPAPI iOS" */;
			buildPhases = (
				FEE453FC1E0BE8DB00D8E707 /* Sources */,
				FEE453FD1E0BE8DB00D8E707 /* Frameworks */,
				FEE453FE1E0BE8DB00D8E707 /* Headers */,
				FEE453FF1E0BE8DB00D8E707 /* Resources */,
			);
			buildRules = (
			);
			dependencies = (
			);
			name = "IPAPI iOS";
			productName = IPAPI;
			productReference = FEE454011E0BE8DB00D8E707 /* IPAPI.framework */;
			productType = "com.apple.product-type.framework";
		};
		FEE454131E0BF78F00D8E707 /* IPAPI macOS */ = {
			isa = PBXNativeTarget;
			buildConfigurationList = FEE454191E0BF78F00D8E707 /* Build configuration list for PBXNativeTarget "IPAPI macOS" */;
			buildPhases = (
				FEE4540F1E0BF78F00D8E707 /* Sources */,
				FEE454101E0BF78F00D8E707 /* Frameworks */,
				FEE454111E0BF78F00D8E707 /* Headers */,
				FEE454121E0BF78F00D8E707 /* Resources */,
			);
			buildRules = (
			);
			dependencies = (
			);
			name = "IPAPI macOS";
			productName = "IPAPI macOS";
			productReference = FEE454141E0BF78F00D8E707 /* IPAPI.framework */;
			productType = "com.apple.product-type.framework";
		};
		FEE454201E0BF79E00D8E707 /* IPAPI tvOS */ = {
			isa = PBXNativeTarget;
			buildConfigurationList = FEE454261E0BF79E00D8E707 /* Build configuration list for PBXNativeTarget "IPAPI tvOS" */;
			buildPhases = (
				FEE4541C1E0BF79E00D8E707 /* Sources */,
				FEE4541D1E0BF79E00D8E707 /* Frameworks */,
				FEE4541E1E0BF79E00D8E707 /* Headers */,
				FEE4541F1E0BF79E00D8E707 /* Resources */,
			);
			buildRules = (
			);
			dependencies = (
			);
			name = "IPAPI tvOS";
			productName = "IPAPI tvOS";
			productReference = FEE454211E0BF79E00D8E707 /* IPAPI.framework */;
			productType = "com.apple.product-type.framework";
		};
		FEE4542D1E0BF7A800D8E707 /* IPAPI watchOS */ = {
			isa = PBXNativeTarget;
			buildConfigurationList = FEE454331E0BF7A800D8E707 /* Build configuration list for PBXNativeTarget "IPAPI watchOS" */;
			buildPhases = (
				FEE454291E0BF7A800D8E707 /* Sources */,
				FEE4542A1E0BF7A800D8E707 /* Frameworks */,
				FEE4542B1E0BF7A800D8E707 /* Headers */,
				FEE4542C1E0BF7A800D8E707 /* Resources */,
			);
			buildRules = (
			);
			dependencies = (
			);
			name = "IPAPI watchOS";
			productName = "IPAPI watchOS";
			productReference = FEE4542E1E0BF7A800D8E707 /* IPAPI.framework */;
			productType = "com.apple.product-type.framework";
		};
/* End PBXNativeTarget section */

/* Begin PBXProject section */
		FEE453F81E0BE8DB00D8E707 /* Project object */ = {
			isa = PBXProject;
			attributes = {
				LastSwiftUpdateCheck = 0820;
				LastUpgradeCheck = 0830;
				ORGANIZATIONNAME = "Artur Grigor";
				TargetAttributes = {
					FE576B211E0C99E5009D4C46 = {
						CreatedOnToolsVersion = 8.2.1;
						ProvisioningStyle = Automatic;
					};
					FE576B441E0CACEF009D4C46 = {
						CreatedOnToolsVersion = 8.2.1;
						ProvisioningStyle = Automatic;
					};
					FE576B531E0CACFD009D4C46 = {
						CreatedOnToolsVersion = 8.2.1;
						ProvisioningStyle = Automatic;
					};
					FEE454001E0BE8DB00D8E707 = {
						CreatedOnToolsVersion = 8.2.1;
						LastSwiftMigration = 0820;
						ProvisioningStyle = Automatic;
					};
					FEE454131E0BF78F00D8E707 = {
						CreatedOnToolsVersion = 8.2.1;
						ProvisioningStyle = Automatic;
					};
					FEE454201E0BF79E00D8E707 = {
						CreatedOnToolsVersion = 8.2.1;
						ProvisioningStyle = Automatic;
					};
					FEE4542D1E0BF7A800D8E707 = {
						CreatedOnToolsVersion = 8.2.1;
						ProvisioningStyle = Automatic;
					};
				};
			};
			buildConfigurationList = FEE453FB1E0BE8DB00D8E707 /* Build configuration list for PBXProject "IPAPI" */;
			compatibilityVersion = "Xcode 3.2";
			developmentRegion = English;
			hasScannedForEncodings = 0;
			knownRegions = (
				en,
			);
			mainGroup = FEE453F71E0BE8DB00D8E707;
			productRefGroup = FEE454021E0BE8DB00D8E707 /* Products */;
			projectDirPath = "";
			projectRoot = "";
			targets = (
				FEE454001E0BE8DB00D8E707 /* IPAPI iOS */,
				FE576B211E0C99E5009D4C46 /* IPAPI iOS Tests */,
				FEE454131E0BF78F00D8E707 /* IPAPI macOS */,
				FE576B441E0CACEF009D4C46 /* IPAPI macOS Tests */,
				FEE454201E0BF79E00D8E707 /* IPAPI tvOS */,
				FE576B531E0CACFD009D4C46 /* IPAPI tvOS Tests */,
				FEE4542D1E0BF7A800D8E707 /* IPAPI watchOS */,
			);
		};
/* End PBXProject section */

/* Begin PBXResourcesBuildPhase section */
		FE576B201E0C99E5009D4C46 /* Resources */ = {
			isa = PBXResourcesBuildPhase;
			buildActionMask = 2147483647;
			files = (
				FE9761901E8FBBE9006F1F9D /* batch.json in Resources */,
				FE97618D1E8FBBE9006F1F9D /* apple.json in Resources */,
				FE97618F1E8FBBE9006F1F9D /* appleWithAllFieldsInSpanish.json in Resources */,
				FE97618E1E8FBBE9006F1F9D /* appleWithAllFields.json in Resources */,
				FE9761921E8FBBE9006F1F9D /* failed.json in Resources */,
				FE9761911E8FBBE9006F1F9D /* currentIp.json in Resources */,
			);
			runOnlyForDeploymentPostprocessing = 0;
		};
		FE576B431E0CACEF009D4C46 /* Resources */ = {
			isa = PBXResourcesBuildPhase;
			buildActionMask = 2147483647;
			files = (
				FE9761961E8FBBEA006F1F9D /* batch.json in Resources */,
				FE9761931E8FBBEA006F1F9D /* apple.json in Resources */,
				FE9761951E8FBBEA006F1F9D /* appleWithAllFieldsInSpanish.json in Resources */,
				FE9761941E8FBBEA006F1F9D /* appleWithAllFields.json in Resources */,
				FE9761981E8FBBEA006F1F9D /* failed.json in Resources */,
				FE9761971E8FBBEA006F1F9D /* currentIp.json in Resources */,
			);
			runOnlyForDeploymentPostprocessing = 0;
		};
		FE576B521E0CACFD009D4C46 /* Resources */ = {
			isa = PBXResourcesBuildPhase;
			buildActionMask = 2147483647;
			files = (
				FE97619C1E8FBBEA006F1F9D /* batch.json in Resources */,
				FE9761991E8FBBEA006F1F9D /* apple.json in Resources */,
				FE97619B1E8FBBEA006F1F9D /* appleWithAllFieldsInSpanish.json in Resources */,
				FE97619A1E8FBBEA006F1F9D /* appleWithAllFields.json in Resources */,
				FE97619E1E8FBBEA006F1F9D /* failed.json in Resources */,
				FE97619D1E8FBBEA006F1F9D /* currentIp.json in Resources */,
			);
			runOnlyForDeploymentPostprocessing = 0;
		};
		FEE453FF1E0BE8DB00D8E707 /* Resources */ = {
			isa = PBXResourcesBuildPhase;
			buildActionMask = 2147483647;
			files = (
			);
			runOnlyForDeploymentPostprocessing = 0;
		};
		FEE454121E0BF78F00D8E707 /* Resources */ = {
			isa = PBXResourcesBuildPhase;
			buildActionMask = 2147483647;
			files = (
			);
			runOnlyForDeploymentPostprocessing = 0;
		};
		FEE4541F1E0BF79E00D8E707 /* Resources */ = {
			isa = PBXResourcesBuildPhase;
			buildActionMask = 2147483647;
			files = (
			);
			runOnlyForDeploymentPostprocessing = 0;
		};
		FEE4542C1E0BF7A800D8E707 /* Resources */ = {
			isa = PBXResourcesBuildPhase;
			buildActionMask = 2147483647;
			files = (
			);
			runOnlyForDeploymentPostprocessing = 0;
		};
/* End PBXResourcesBuildPhase section */

/* Begin PBXShellScriptBuildPhase section */
		0F3A5F8CAE1D370F50E670C9 /* [CP] Check Pods Manifest.lock */ = {
			isa = PBXShellScriptBuildPhase;
			buildActionMask = 2147483647;
			files = (
			);
			inputPaths = (
			);
			name = "[CP] Check Pods Manifest.lock";
			outputPaths = (
			);
			runOnlyForDeploymentPostprocessing = 0;
			shellPath = /bin/sh;
			shellScript = "diff \"${PODS_ROOT}/../Podfile.lock\" \"${PODS_ROOT}/Manifest.lock\" > /dev/null\nif [ $? != 0 ] ; then\n    # print error to STDERR\n    echo \"error: The sandbox is not in sync with the Podfile.lock. Run 'pod install' or update your CocoaPods installation.\" >&2\n    exit 1\nfi\n";
			showEnvVarsInLog = 0;
		};
		125212710FE8FB90FC7A772A /* [CP] Embed Pods Frameworks */ = {
			isa = PBXShellScriptBuildPhase;
			buildActionMask = 2147483647;
			files = (
			);
			inputPaths = (
			);
			name = "[CP] Embed Pods Frameworks";
			outputPaths = (
			);
			runOnlyForDeploymentPostprocessing = 0;
			shellPath = /bin/sh;
			shellScript = "\"${SRCROOT}/Pods/Target Support Files/Pods-Tests-IPAPI iOS Tests/Pods-Tests-IPAPI iOS Tests-frameworks.sh\"\n";
			showEnvVarsInLog = 0;
		};
		3C3DF9024A3E187101D58631 /* [CP] Embed Pods Frameworks */ = {
			isa = PBXShellScriptBuildPhase;
			buildActionMask = 2147483647;
			files = (
			);
			inputPaths = (
			);
			name = "[CP] Embed Pods Frameworks";
			outputPaths = (
			);
			runOnlyForDeploymentPostprocessing = 0;
			shellPath = /bin/sh;
			shellScript = "\"${SRCROOT}/Pods/Target Support Files/Pods-Tests-IPAPI macOS Tests/Pods-Tests-IPAPI macOS Tests-frameworks.sh\"\n";
			showEnvVarsInLog = 0;
		};
		59F7B9D1FCA64DBB634C1000 /* [CP] Copy Pods Resources */ = {
			isa = PBXShellScriptBuildPhase;
			buildActionMask = 2147483647;
			files = (
			);
			inputPaths = (
			);
			name = "[CP] Copy Pods Resources";
			outputPaths = (
			);
			runOnlyForDeploymentPostprocessing = 0;
			shellPath = /bin/sh;
			shellScript = "\"${SRCROOT}/Pods/Target Support Files/Pods-Tests-IPAPI macOS Tests/Pods-Tests-IPAPI macOS Tests-resources.sh\"\n";
			showEnvVarsInLog = 0;
		};
		DBAB3B4E003B4E6BBD3BC0F3 /* [CP] Check Pods Manifest.lock */ = {
			isa = PBXShellScriptBuildPhase;
			buildActionMask = 2147483647;
			files = (
			);
			inputPaths = (
			);
			name = "[CP] Check Pods Manifest.lock";
			outputPaths = (
			);
			runOnlyForDeploymentPostprocessing = 0;
			shellPath = /bin/sh;
			shellScript = "diff \"${PODS_ROOT}/../Podfile.lock\" \"${PODS_ROOT}/Manifest.lock\" > /dev/null\nif [ $? != 0 ] ; then\n    # print error to STDERR\n    echo \"error: The sandbox is not in sync with the Podfile.lock. Run 'pod install' or update your CocoaPods installation.\" >&2\n    exit 1\nfi\n";
			showEnvVarsInLog = 0;
		};
		EFB42CE1825702035746FE35 /* [CP] Copy Pods Resources */ = {
			isa = PBXShellScriptBuildPhase;
			buildActionMask = 2147483647;
			files = (
			);
			inputPaths = (
			);
			name = "[CP] Copy Pods Resources";
			outputPaths = (
			);
			runOnlyForDeploymentPostprocessing = 0;
			shellPath = /bin/sh;
			shellScript = "\"${SRCROOT}/Pods/Target Support Files/Pods-Tests-IPAPI iOS Tests/Pods-Tests-IPAPI iOS Tests-resources.sh\"\n";
			showEnvVarsInLog = 0;
		};
/* End PBXShellScriptBuildPhase section */

/* Begin PBXSourcesBuildPhase section */
		FE576B1E1E0C99E5009D4C46 /* Sources */ = {
			isa = PBXSourcesBuildPhase;
			buildActionMask = 2147483647;
			files = (
				FE9761881E8FBBE3006F1F9D /* XCTest+Helpers.swift in Sources */,
				FE9761871E8FBBE3006F1F9D /* IPAPI_Tests.swift in Sources */,
				FE97619F1E8FBBF9006F1F9D /* Service.swift in Sources */,
			);
			runOnlyForDeploymentPostprocessing = 0;
		};
		FE576B411E0CACEF009D4C46 /* Sources */ = {
			isa = PBXSourcesBuildPhase;
			buildActionMask = 2147483647;
			files = (
				FE97618A1E8FBBE4006F1F9D /* XCTest+Helpers.swift in Sources */,
				FE9761891E8FBBE4006F1F9D /* IPAPI_Tests.swift in Sources */,
				FE9761A01E8FBBF9006F1F9D /* Service.swift in Sources */,
			);
			runOnlyForDeploymentPostprocessing = 0;
		};
		FE576B501E0CACFD009D4C46 /* Sources */ = {
			isa = PBXSourcesBuildPhase;
			buildActionMask = 2147483647;
			files = (
				FE97618C1E8FBBE5006F1F9D /* XCTest+Helpers.swift in Sources */,
				FE97618B1E8FBBE5006F1F9D /* IPAPI_Tests.swift in Sources */,
				FE9761A11E8FBBFA006F1F9D /* Service.swift in Sources */,
			);
			runOnlyForDeploymentPostprocessing = 0;
		};
		FEE453FC1E0BE8DB00D8E707 /* Sources */ = {
			isa = PBXSourcesBuildPhase;
			buildActionMask = 2147483647;
			files = (
				FE97617E1E8FBB60006F1F9D /* Service.swift in Sources */,
			);
			runOnlyForDeploymentPostprocessing = 0;
		};
		FEE4540F1E0BF78F00D8E707 /* Sources */ = {
			isa = PBXSourcesBuildPhase;
			buildActionMask = 2147483647;
			files = (
				FE9761801E8FBB61006F1F9D /* Service.swift in Sources */,
			);
			runOnlyForDeploymentPostprocessing = 0;
		};
		FEE4541C1E0BF79E00D8E707 /* Sources */ = {
			isa = PBXSourcesBuildPhase;
			buildActionMask = 2147483647;
			files = (
				FE9761821E8FBB61006F1F9D /* Service.swift in Sources */,
			);
			runOnlyForDeploymentPostprocessing = 0;
		};
		FEE454291E0BF7A800D8E707 /* Sources */ = {
			isa = PBXSourcesBuildPhase;
			buildActionMask = 2147483647;
			files = (
				FE9761841E8FBB62006F1F9D /* Service.swift in Sources */,
			);
			runOnlyForDeploymentPostprocessing = 0;
		};
/* End PBXSourcesBuildPhase section */

/* Begin PBXTargetDependency section */
		FE576B291E0C99E5009D4C46 /* PBXTargetDependency */ = {
			isa = PBXTargetDependency;
			target = FEE454001E0BE8DB00D8E707 /* IPAPI iOS */;
			targetProxy = FE576B281E0C99E5009D4C46 /* PBXContainerItemProxy */;
		};
		FE576B4C1E0CACEF009D4C46 /* PBXTargetDependency */ = {
			isa = PBXTargetDependency;
			target = FEE454131E0BF78F00D8E707 /* IPAPI macOS */;
			targetProxy = FE576B4B1E0CACEF009D4C46 /* PBXContainerItemProxy */;
		};
		FE576B5B1E0CACFD009D4C46 /* PBXTargetDependency */ = {
			isa = PBXTargetDependency;
			target = FEE454201E0BF79E00D8E707 /* IPAPI tvOS */;
			targetProxy = FE576B5A1E0CACFD009D4C46 /* PBXContainerItemProxy */;
		};
/* End PBXTargetDependency section */

/* Begin XCBuildConfiguration section */
		FE576B2B1E0C99E5009D4C46 /* Debug */ = {
			isa = XCBuildConfiguration;
			baseConfigurationReference = 65BA13B2A5E4C6C2743220FD /* Pods-Tests-IPAPI iOS Tests.debug.xcconfig */;
			buildSettings = {
				ALWAYS_EMBED_SWIFT_STANDARD_LIBRARIES = YES;
				INFOPLIST_FILE = Tests/Info.plist;
				LD_RUNPATH_SEARCH_PATHS = "$(inherited) @executable_path/Frameworks @loader_path/Frameworks";
				PRODUCT_BUNDLE_IDENTIFIER = "me.arturgrigor.$(PRODUCT_NAME:rfc1034identifier)";
				PRODUCT_NAME = "IPAPI Tests";
				SWIFT_VERSION = 3.0;
			};
			name = Debug;
		};
		FE576B2C1E0C99E5009D4C46 /* Release */ = {
			isa = XCBuildConfiguration;
			baseConfigurationReference = E93E0E0D146D1485FFD54871 /* Pods-Tests-IPAPI iOS Tests.release.xcconfig */;
			buildSettings = {
				ALWAYS_EMBED_SWIFT_STANDARD_LIBRARIES = YES;
				INFOPLIST_FILE = Tests/Info.plist;
				LD_RUNPATH_SEARCH_PATHS = "$(inherited) @executable_path/Frameworks @loader_path/Frameworks";
				PRODUCT_BUNDLE_IDENTIFIER = "me.arturgrigor.$(PRODUCT_NAME:rfc1034identifier)";
				PRODUCT_NAME = "IPAPI Tests";
				SWIFT_VERSION = 3.0;
			};
			name = Release;
		};
		FE576B4E1E0CACEF009D4C46 /* Debug */ = {
			isa = XCBuildConfiguration;
			baseConfigurationReference = FA583E1735BAE3EC8AB8C476 /* Pods-Tests-IPAPI macOS Tests.debug.xcconfig */;
			buildSettings = {
				ALWAYS_EMBED_SWIFT_STANDARD_LIBRARIES = YES;
				CODE_SIGN_IDENTITY = "-";
				COMBINE_HIDPI_IMAGES = YES;
				INFOPLIST_FILE = Tests/Info.plist;
				LD_RUNPATH_SEARCH_PATHS = "$(inherited) @executable_path/../Frameworks @loader_path/../Frameworks";
				MACOSX_DEPLOYMENT_TARGET = 10.12;
				PRODUCT_BUNDLE_IDENTIFIER = "me.arturgrigor.$(PRODUCT_NAME:rfc1034identifier)";
				PRODUCT_NAME = "IPAPI Tests";
				SDKROOT = macosx;
				SWIFT_VERSION = 3.0;
			};
			name = Debug;
		};
		FE576B4F1E0CACEF009D4C46 /* Release */ = {
			isa = XCBuildConfiguration;
			baseConfigurationReference = 7D48DD1FC221C34335F193E9 /* Pods-Tests-IPAPI macOS Tests.release.xcconfig */;
			buildSettings = {
				ALWAYS_EMBED_SWIFT_STANDARD_LIBRARIES = YES;
				CODE_SIGN_IDENTITY = "-";
				COMBINE_HIDPI_IMAGES = YES;
				INFOPLIST_FILE = Tests/Info.plist;
				LD_RUNPATH_SEARCH_PATHS = "$(inherited) @executable_path/../Frameworks @loader_path/../Frameworks";
				MACOSX_DEPLOYMENT_TARGET = 10.12;
				PRODUCT_BUNDLE_IDENTIFIER = "me.arturgrigor.$(PRODUCT_NAME:rfc1034identifier)";
				PRODUCT_NAME = "IPAPI Tests";
				SDKROOT = macosx;
				SWIFT_VERSION = 3.0;
			};
			name = Release;
		};
		FE576B5D1E0CACFD009D4C46 /* Debug */ = {
			isa = XCBuildConfiguration;
			buildSettings = {
				ALWAYS_EMBED_SWIFT_STANDARD_LIBRARIES = YES;
				INFOPLIST_FILE = Tests/Info.plist;
				LD_RUNPATH_SEARCH_PATHS = "$(inherited) @executable_path/Frameworks @loader_path/Frameworks";
				PRODUCT_BUNDLE_IDENTIFIER = "me.arturgrigor.$(PRODUCT_NAME:rfc1034identifier)";
				PRODUCT_NAME = "IPAPI Tests";
				SDKROOT = appletvos;
				SWIFT_VERSION = 3.0;
				TVOS_DEPLOYMENT_TARGET = 10.1;
			};
			name = Debug;
		};
		FE576B5E1E0CACFD009D4C46 /* Release */ = {
			isa = XCBuildConfiguration;
			buildSettings = {
				ALWAYS_EMBED_SWIFT_STANDARD_LIBRARIES = YES;
				INFOPLIST_FILE = Tests/Info.plist;
				LD_RUNPATH_SEARCH_PATHS = "$(inherited) @executable_path/Frameworks @loader_path/Frameworks";
				PRODUCT_BUNDLE_IDENTIFIER = "me.arturgrigor.$(PRODUCT_NAME:rfc1034identifier)";
				PRODUCT_NAME = "IPAPI Tests";
				SDKROOT = appletvos;
				SWIFT_VERSION = 3.0;
				TVOS_DEPLOYMENT_TARGET = 10.1;
			};
			name = Release;
		};
		FEE454071E0BE8DB00D8E707 /* Debug */ = {
			isa = XCBuildConfiguration;
			buildSettings = {
				ALWAYS_SEARCH_USER_PATHS = NO;
				CLANG_ANALYZER_NONNULL = YES;
				CLANG_CXX_LANGUAGE_STANDARD = "gnu++0x";
				CLANG_CXX_LIBRARY = "libc++";
				CLANG_ENABLE_MODULES = YES;
				CLANG_ENABLE_OBJC_ARC = YES;
				CLANG_WARN_BOOL_CONVERSION = YES;
				CLANG_WARN_CONSTANT_CONVERSION = YES;
				CLANG_WARN_DIRECT_OBJC_ISA_USAGE = YES_ERROR;
				CLANG_WARN_DOCUMENTATION_COMMENTS = YES;
				CLANG_WARN_EMPTY_BODY = YES;
				CLANG_WARN_ENUM_CONVERSION = YES;
				CLANG_WARN_INFINITE_RECURSION = YES;
				CLANG_WARN_INT_CONVERSION = YES;
				CLANG_WARN_OBJC_ROOT_CLASS = YES_ERROR;
				CLANG_WARN_SUSPICIOUS_MOVE = YES;
				CLANG_WARN_UNREACHABLE_CODE = YES;
				CLANG_WARN__DUPLICATE_METHOD_MATCH = YES;
				"CODE_SIGN_IDENTITY[sdk=iphoneos*]" = "iPhone Developer";
				COPY_PHASE_STRIP = NO;
				CURRENT_PROJECT_VERSION = 1;
				DEBUG_INFORMATION_FORMAT = dwarf;
				ENABLE_STRICT_OBJC_MSGSEND = YES;
				ENABLE_TESTABILITY = YES;
				GCC_C_LANGUAGE_STANDARD = gnu99;
				GCC_DYNAMIC_NO_PIC = NO;
				GCC_NO_COMMON_BLOCKS = YES;
				GCC_OPTIMIZATION_LEVEL = 0;
				GCC_PREPROCESSOR_DEFINITIONS = (
					"DEBUG=1",
					"$(inherited)",
				);
				GCC_WARN_64_TO_32_BIT_CONVERSION = YES;
				GCC_WARN_ABOUT_RETURN_TYPE = YES_ERROR;
				GCC_WARN_UNDECLARED_SELECTOR = YES;
				GCC_WARN_UNINITIALIZED_AUTOS = YES_AGGRESSIVE;
				GCC_WARN_UNUSED_FUNCTION = YES;
				GCC_WARN_UNUSED_VARIABLE = YES;
				IPHONEOS_DEPLOYMENT_TARGET = 10.2;
				MTL_ENABLE_DEBUG_INFO = YES;
				ONLY_ACTIVE_ARCH = YES;
				SDKROOT = iphoneos;
				SWIFT_ACTIVE_COMPILATION_CONDITIONS = DEBUG;
				SWIFT_OPTIMIZATION_LEVEL = "-Onone";
				TARGETED_DEVICE_FAMILY = "1,2";
				VERSIONING_SYSTEM = "apple-generic";
				VERSION_INFO_PREFIX = "";
			};
			name = Debug;
		};
		FEE454081E0BE8DB00D8E707 /* Release */ = {
			isa = XCBuildConfiguration;
			buildSettings = {
				ALWAYS_SEARCH_USER_PATHS = NO;
				CLANG_ANALYZER_NONNULL = YES;
				CLANG_CXX_LANGUAGE_STANDARD = "gnu++0x";
				CLANG_CXX_LIBRARY = "libc++";
				CLANG_ENABLE_MODULES = YES;
				CLANG_ENABLE_OBJC_ARC = YES;
				CLANG_WARN_BOOL_CONVERSION = YES;
				CLANG_WARN_CONSTANT_CONVERSION = YES;
				CLANG_WARN_DIRECT_OBJC_ISA_USAGE = YES_ERROR;
				CLANG_WARN_DOCUMENTATION_COMMENTS = YES;
				CLANG_WARN_EMPTY_BODY = YES;
				CLANG_WARN_ENUM_CONVERSION = YES;
				CLANG_WARN_INFINITE_RECURSION = YES;
				CLANG_WARN_INT_CONVERSION = YES;
				CLANG_WARN_OBJC_ROOT_CLASS = YES_ERROR;
				CLANG_WARN_SUSPICIOUS_MOVE = YES;
				CLANG_WARN_UNREACHABLE_CODE = YES;
				CLANG_WARN__DUPLICATE_METHOD_MATCH = YES;
				"CODE_SIGN_IDENTITY[sdk=iphoneos*]" = "iPhone Developer";
				COPY_PHASE_STRIP = NO;
				CURRENT_PROJECT_VERSION = 1;
				DEBUG_INFORMATION_FORMAT = "dwarf-with-dsym";
				ENABLE_NS_ASSERTIONS = NO;
				ENABLE_STRICT_OBJC_MSGSEND = YES;
				GCC_C_LANGUAGE_STANDARD = gnu99;
				GCC_NO_COMMON_BLOCKS = YES;
				GCC_WARN_64_TO_32_BIT_CONVERSION = YES;
				GCC_WARN_ABOUT_RETURN_TYPE = YES_ERROR;
				GCC_WARN_UNDECLARED_SELECTOR = YES;
				GCC_WARN_UNINITIALIZED_AUTOS = YES_AGGRESSIVE;
				GCC_WARN_UNUSED_FUNCTION = YES;
				GCC_WARN_UNUSED_VARIABLE = YES;
				IPHONEOS_DEPLOYMENT_TARGET = 10.2;
				MTL_ENABLE_DEBUG_INFO = NO;
				SDKROOT = iphoneos;
				SWIFT_OPTIMIZATION_LEVEL = "-Owholemodule";
				TARGETED_DEVICE_FAMILY = "1,2";
				VALIDATE_PRODUCT = YES;
				VERSIONING_SYSTEM = "apple-generic";
				VERSION_INFO_PREFIX = "";
			};
			name = Release;
		};
		FEE4540A1E0BE8DB00D8E707 /* Debug */ = {
			isa = XCBuildConfiguration;
			buildSettings = {
				CLANG_ENABLE_MODULES = YES;
				CODE_SIGN_IDENTITY = "";
				DEFINES_MODULE = YES;
				DYLIB_COMPATIBILITY_VERSION = 1;
				DYLIB_CURRENT_VERSION = 1;
				DYLIB_INSTALL_NAME_BASE = "@rpath";
				INFOPLIST_FILE = Sources/Info.plist;
				INSTALL_PATH = "$(LOCAL_LIBRARY_DIR)/Frameworks";
				IPHONEOS_DEPLOYMENT_TARGET = 8.0;
				LD_RUNPATH_SEARCH_PATHS = "$(inherited) @executable_path/Frameworks @loader_path/Frameworks";
				PRODUCT_BUNDLE_IDENTIFIER = "me.arturgrigor.$(PRODUCT_NAME:rfc1034identifier)";
				PRODUCT_NAME = IPAPI;
				SKIP_INSTALL = YES;
				SWIFT_OPTIMIZATION_LEVEL = "-Onone";
				SWIFT_VERSION = 3.0;
			};
			name = Debug;
		};
		FEE4540B1E0BE8DB00D8E707 /* Release */ = {
			isa = XCBuildConfiguration;
			buildSettings = {
				CLANG_ENABLE_MODULES = YES;
				CODE_SIGN_IDENTITY = "";
				DEFINES_MODULE = YES;
				DYLIB_COMPATIBILITY_VERSION = 1;
				DYLIB_CURRENT_VERSION = 1;
				DYLIB_INSTALL_NAME_BASE = "@rpath";
				INFOPLIST_FILE = Sources/Info.plist;
				INSTALL_PATH = "$(LOCAL_LIBRARY_DIR)/Frameworks";
				IPHONEOS_DEPLOYMENT_TARGET = 8.0;
				LD_RUNPATH_SEARCH_PATHS = "$(inherited) @executable_path/Frameworks @loader_path/Frameworks";
				PRODUCT_BUNDLE_IDENTIFIER = "me.arturgrigor.$(PRODUCT_NAME:rfc1034identifier)";
				PRODUCT_NAME = IPAPI;
				SKIP_INSTALL = YES;
				SWIFT_VERSION = 3.0;
			};
			name = Release;
		};
		FEE4541A1E0BF78F00D8E707 /* Debug */ = {
			isa = XCBuildConfiguration;
			buildSettings = {
				CODE_SIGN_IDENTITY = "-";
				COMBINE_HIDPI_IMAGES = YES;
				DEFINES_MODULE = YES;
				DYLIB_COMPATIBILITY_VERSION = 1;
				DYLIB_CURRENT_VERSION = 1;
				DYLIB_INSTALL_NAME_BASE = "@rpath";
				FRAMEWORK_VERSION = A;
				INFOPLIST_FILE = Sources/Info.plist;
				INSTALL_PATH = "$(LOCAL_LIBRARY_DIR)/Frameworks";
				LD_RUNPATH_SEARCH_PATHS = "$(inherited) @executable_path/../Frameworks @loader_path/Frameworks";
				MACOSX_DEPLOYMENT_TARGET = 10.10;
				PRODUCT_BUNDLE_IDENTIFIER = "me.arturgrigor.$(PRODUCT_NAME:rfc1034identifier)";
				PRODUCT_NAME = IPAPI;
				SDKROOT = macosx;
				SKIP_INSTALL = YES;
				SWIFT_VERSION = 3.0;
			};
			name = Debug;
		};
		FEE4541B1E0BF78F00D8E707 /* Release */ = {
			isa = XCBuildConfiguration;
			buildSettings = {
				CODE_SIGN_IDENTITY = "-";
				COMBINE_HIDPI_IMAGES = YES;
				DEFINES_MODULE = YES;
				DYLIB_COMPATIBILITY_VERSION = 1;
				DYLIB_CURRENT_VERSION = 1;
				DYLIB_INSTALL_NAME_BASE = "@rpath";
				FRAMEWORK_VERSION = A;
				INFOPLIST_FILE = Sources/Info.plist;
				INSTALL_PATH = "$(LOCAL_LIBRARY_DIR)/Frameworks";
				LD_RUNPATH_SEARCH_PATHS = "$(inherited) @executable_path/../Frameworks @loader_path/Frameworks";
				MACOSX_DEPLOYMENT_TARGET = 10.10;
				PRODUCT_BUNDLE_IDENTIFIER = "me.arturgrigor.$(PRODUCT_NAME:rfc1034identifier)";
				PRODUCT_NAME = IPAPI;
				SDKROOT = macosx;
				SKIP_INSTALL = YES;
				SWIFT_VERSION = 3.0;
			};
			name = Release;
		};
		FEE454271E0BF79E00D8E707 /* Debug */ = {
			isa = XCBuildConfiguration;
			buildSettings = {
				CODE_SIGN_IDENTITY = "";
				DEFINES_MODULE = YES;
				DYLIB_COMPATIBILITY_VERSION = 1;
				DYLIB_CURRENT_VERSION = 1;
				DYLIB_INSTALL_NAME_BASE = "@rpath";
				INFOPLIST_FILE = Sources/Info.plist;
				INSTALL_PATH = "$(LOCAL_LIBRARY_DIR)/Frameworks";
				LD_RUNPATH_SEARCH_PATHS = "$(inherited) @executable_path/Frameworks @loader_path/Frameworks";
				PRODUCT_BUNDLE_IDENTIFIER = "me.arturgrigor.$(PRODUCT_NAME:rfc1034identifier)";
				PRODUCT_NAME = IPAPI;
				SDKROOT = appletvos;
				SKIP_INSTALL = YES;
				SWIFT_VERSION = 3.0;
				TARGETED_DEVICE_FAMILY = 3;
				TVOS_DEPLOYMENT_TARGET = 9.0;
			};
			name = Debug;
		};
		FEE454281E0BF79E00D8E707 /* Release */ = {
			isa = XCBuildConfiguration;
			buildSettings = {
				CODE_SIGN_IDENTITY = "";
				DEFINES_MODULE = YES;
				DYLIB_COMPATIBILITY_VERSION = 1;
				DYLIB_CURRENT_VERSION = 1;
				DYLIB_INSTALL_NAME_BASE = "@rpath";
				INFOPLIST_FILE = Sources/Info.plist;
				INSTALL_PATH = "$(LOCAL_LIBRARY_DIR)/Frameworks";
				LD_RUNPATH_SEARCH_PATHS = "$(inherited) @executable_path/Frameworks @loader_path/Frameworks";
				PRODUCT_BUNDLE_IDENTIFIER = "me.arturgrigor.$(PRODUCT_NAME:rfc1034identifier)";
				PRODUCT_NAME = IPAPI;
				SDKROOT = appletvos;
				SKIP_INSTALL = YES;
				SWIFT_VERSION = 3.0;
				TARGETED_DEVICE_FAMILY = 3;
				TVOS_DEPLOYMENT_TARGET = 9.0;
			};
			name = Release;
		};
		FEE454341E0BF7A800D8E707 /* Debug */ = {
			isa = XCBuildConfiguration;
			buildSettings = {
				APPLICATION_EXTENSION_API_ONLY = YES;
				CODE_SIGN_IDENTITY = "";
				DEFINES_MODULE = YES;
				DYLIB_COMPATIBILITY_VERSION = 1;
				DYLIB_CURRENT_VERSION = 1;
				DYLIB_INSTALL_NAME_BASE = "@rpath";
				INFOPLIST_FILE = Sources/Info.plist;
				INSTALL_PATH = "$(LOCAL_LIBRARY_DIR)/Frameworks";
				LD_RUNPATH_SEARCH_PATHS = "$(inherited) @executable_path/Frameworks @loader_path/Frameworks";
				PRODUCT_BUNDLE_IDENTIFIER = "me.arturgrigor.$(PRODUCT_NAME:rfc1034identifier)";
				PRODUCT_NAME = IPAPI;
				SDKROOT = watchos;
				SKIP_INSTALL = YES;
				SWIFT_VERSION = 3.0;
				TARGETED_DEVICE_FAMILY = 4;
				WATCHOS_DEPLOYMENT_TARGET = 2.0;
			};
			name = Debug;
		};
		FEE454351E0BF7A800D8E707 /* Release */ = {
			isa = XCBuildConfiguration;
			buildSettings = {
				APPLICATION_EXTENSION_API_ONLY = YES;
				CODE_SIGN_IDENTITY = "";
				DEFINES_MODULE = YES;
				DYLIB_COMPATIBILITY_VERSION = 1;
				DYLIB_CURRENT_VERSION = 1;
				DYLIB_INSTALL_NAME_BASE = "@rpath";
				INFOPLIST_FILE = Sources/Info.plist;
				INSTALL_PATH = "$(LOCAL_LIBRARY_DIR)/Frameworks";
				LD_RUNPATH_SEARCH_PATHS = "$(inherited) @executable_path/Frameworks @loader_path/Frameworks";
				PRODUCT_BUNDLE_IDENTIFIER = "me.arturgrigor.$(PRODUCT_NAME:rfc1034identifier)";
				PRODUCT_NAME = IPAPI;
				SDKROOT = watchos;
				SKIP_INSTALL = YES;
				SWIFT_VERSION = 3.0;
				TARGETED_DEVICE_FAMILY = 4;
				WATCHOS_DEPLOYMENT_TARGET = 2.0;
			};
			name = Release;
		};
/* End XCBuildConfiguration section */

/* Begin XCConfigurationList section */
		FE576B2A1E0C99E5009D4C46 /* Build configuration list for PBXNativeTarget "IPAPI iOS Tests" */ = {
			isa = XCConfigurationList;
			buildConfigurations = (
				FE576B2B1E0C99E5009D4C46 /* Debug */,
				FE576B2C1E0C99E5009D4C46 /* Release */,
			);
			defaultConfigurationIsVisible = 0;
			defaultConfigurationName = Release;
		};
		FE576B4D1E0CACEF009D4C46 /* Build configuration list for PBXNativeTarget "IPAPI macOS Tests" */ = {
			isa = XCConfigurationList;
			buildConfigurations = (
				FE576B4E1E0CACEF009D4C46 /* Debug */,
				FE576B4F1E0CACEF009D4C46 /* Release */,
			);
			defaultConfigurationIsVisible = 0;
			defaultConfigurationName = Release;
		};
		FE576B5C1E0CACFD009D4C46 /* Build configuration list for PBXNativeTarget "IPAPI tvOS Tests" */ = {
			isa = XCConfigurationList;
			buildConfigurations = (
				FE576B5D1E0CACFD009D4C46 /* Debug */,
				FE576B5E1E0CACFD009D4C46 /* Release */,
			);
			defaultConfigurationIsVisible = 0;
			defaultConfigurationName = Release;
		};
		FEE453FB1E0BE8DB00D8E707 /* Build configuration list for PBXProject "IPAPI" */ = {
			isa = XCConfigurationList;
			buildConfigurations = (
				FEE454071E0BE8DB00D8E707 /* Debug */,
				FEE454081E0BE8DB00D8E707 /* Release */,
			);
			defaultConfigurationIsVisible = 0;
			defaultConfigurationName = Release;
		};
		FEE454091E0BE8DB00D8E707 /* Build configuration list for PBXNativeTarget "IPAPI iOS" */ = {
			isa = XCConfigurationList;
			buildConfigurations = (
				FEE4540A1E0BE8DB00D8E707 /* Debug */,
				FEE4540B1E0BE8DB00D8E707 /* Release */,
			);
			defaultConfigurationIsVisible = 0;
			defaultConfigurationName = Release;
		};
		FEE454191E0BF78F00D8E707 /* Build configuration list for PBXNativeTarget "IPAPI macOS" */ = {
			isa = XCConfigurationList;
			buildConfigurations = (
				FEE4541A1E0BF78F00D8E707 /* Debug */,
				FEE4541B1E0BF78F00D8E707 /* Release */,
			);
			defaultConfigurationIsVisible = 0;
			defaultConfigurationName = Release;
		};
		FEE454261E0BF79E00D8E707 /* Build configuration list for PBXNativeTarget "IPAPI tvOS" */ = {
			isa = XCConfigurationList;
			buildConfigurations = (
				FEE454271E0BF79E00D8E707 /* Debug */,
				FEE454281E0BF79E00D8E707 /* Release */,
			);
			defaultConfigurationIsVisible = 0;
			defaultConfigurationName = Release;
		};
		FEE454331E0BF7A800D8E707 /* Build configuration list for PBXNativeTarget "IPAPI watchOS" */ = {
			isa = XCConfigurationList;
			buildConfigurations = (
				FEE454341E0BF7A800D8E707 /* Debug */,
				FEE454351E0BF7A800D8E707 /* Release */,
			);
			defaultConfigurationIsVisible = 0;
			defaultConfigurationName = Release;
		};
/* End XCConfigurationList section */
	};
	rootObject = FEE453F81E0BE8DB00D8E707 /* Project object */;
}
